// !$*UTF8*$!
{
	archiveVersion = 1;
	classes = {
	};
	objectVersion = 45;
	objects = {

/* Begin PBXBuildFile section */
		0A2205EF15C2A72D004D168E /* IOBluetooth.framework in Frameworks */ = {isa = PBXBuildFile; fileRef = 0A2205EE15C2A72D004D168E /* IOBluetooth.framework */; };
		0A22061215C2A861004D168E /* test.m in Sources */ = {isa = PBXBuildFile; fileRef = 0A2205F915C2A7B2004D168E /* test.m */; };
		0A22061315C2A868004D168E /* Cocoa.framework in Frameworks */ = {isa = PBXBuildFile; fileRef = 1058C7B1FEA5585E11CA2CBB /* Cocoa.framework */; };
		0A22061815C2A86D004D168E /* Wiimote.framework in Frameworks */ = {isa = PBXBuildFile; fileRef = 8DC2EF5B0486A6940098B216 /* Wiimote.framework */; };
		0A22061F15C2A87F004D168E /* Wiimote.framework in Copy Frameworks */ = {isa = PBXBuildFile; fileRef = 8DC2EF5B0486A6940098B216 /* Wiimote.framework */; };
		0A35C79417787A2000E43A07 /* HID.framework in Frameworks */ = {isa = PBXBuildFile; fileRef = 0A35C63C177879EE00E43A07 /* HID.framework */; };
		0A35C79717787A2700E43A07 /* Foundation.framework in Frameworks */ = {isa = PBXBuildFile; fileRef = 0A35C64417787A1000E43A07 /* Foundation.framework */; };
		0A35C79817787A2700E43A07 /* IOKit.framework in Frameworks */ = {isa = PBXBuildFile; fileRef = 0A35C64617787A1000E43A07 /* IOKit.framework */; };
		0A35C79C17787A4200E43A07 /* HID.framework in Copy Frameworks */ = {isa = PBXBuildFile; fileRef = 0A35C63C177879EE00E43A07 /* HID.framework */; };
		0A35C7AA17787A9400E43A07 /* HIDDevice.h in Headers */ = {isa = PBXBuildFile; fileRef = 0A35C7A417787A9400E43A07 /* HIDDevice.h */; settings = {ATTRIBUTES = (Public, ); }; };
		0A35C7AB17787A9400E43A07 /* HIDDevice.m in Sources */ = {isa = PBXBuildFile; fileRef = 0A35C7A517787A9400E43A07 /* HIDDevice.m */; };
		0A35C7AD17787A9400E43A07 /* HIDDevice+Private.m in Sources */ = {isa = PBXBuildFile; fileRef = 0A35C7A717787A9400E43A07 /* HIDDevice+Private.m */; };
		0A35C7AE17787A9400E43A07 /* HIDManager.h in Headers */ = {isa = PBXBuildFile; fileRef = 0A35C7A817787A9400E43A07 /* HIDManager.h */; settings = {ATTRIBUTES = (Public, ); }; };
		0A35C7AF17787A9400E43A07 /* HIDManager.m in Sources */ = {isa = PBXBuildFile; fileRef = 0A35C7A917787A9400E43A07 /* HIDManager.m */; };
		0A362EDD1623EE1F00B14E58 /* test.xib in Resources */ = {isa = PBXBuildFile; fileRef = 0A362EDC1623EE1F00B14E58 /* test.xib */; };
		0A362EE51623F06F00B14E58 /* WiimoteWrapper.m in Sources */ = {isa = PBXBuildFile; fileRef = 0A362EE41623F06F00B14E58 /* WiimoteWrapper.m */; };
		0A362F1E1623F4FC00B14E58 /* TestController.m in Sources */ = {isa = PBXBuildFile; fileRef = 0A362F1D1623F4FC00B14E58 /* TestController.m */; };
		0A4883091616FF89006D6C27 /* WiimoteEventDispatcher+MotionPlus.m in Sources */ = {isa = PBXBuildFile; fileRef = 0A4883071616FF89006D6C27 /* WiimoteEventDispatcher+MotionPlus.m */; };
		0A4890C315C7FA4500207478 /* Wiimote.h in Headers */ = {isa = PBXBuildFile; fileRef = 0A48907615C7FA4500207478 /* Wiimote.h */; settings = {ATTRIBUTES = (Public, ); }; };
		0A4890C415C7FA4500207478 /* Wiimote.m in Sources */ = {isa = PBXBuildFile; fileRef = 0A48907715C7FA4500207478 /* Wiimote.m */; };
		0A4890C615C7FA4500207478 /* Wiimote+Create.m in Sources */ = {isa = PBXBuildFile; fileRef = 0A48907915C7FA4500207478 /* Wiimote+Create.m */; };
		0A4890C815C7FA4500207478 /* Wiimote+Tracking.m in Sources */ = {isa = PBXBuildFile; fileRef = 0A48907B15C7FA4500207478 /* Wiimote+Tracking.m */; };
		0A4890CA15C7FA4500207478 /* WiimoteBatteryPart.m in Sources */ = {isa = PBXBuildFile; fileRef = 0A48907D15C7FA4500207478 /* WiimoteBatteryPart.m */; };
		0A4890CC15C7FA4500207478 /* WiimoteButtonPart.m in Sources */ = {isa = PBXBuildFile; fileRef = 0A48907F15C7FA4500207478 /* WiimoteButtonPart.m */; };
		0A4890CE15C7FA4500207478 /* WiimoteClassicController.m in Sources */ = {isa = PBXBuildFile; fileRef = 0A48908115C7FA4500207478 /* WiimoteClassicController.m */; };
		0A4890CF15C7FA4500207478 /* WiimoteClassicControllerDelegate.h in Headers */ = {isa = PBXBuildFile; fileRef = 0A48908215C7FA4500207478 /* WiimoteClassicControllerDelegate.h */; settings = {ATTRIBUTES = (Public, ); }; };
		0A4890D015C7FA4500207478 /* WiimoteClassicControllerDelegate.m in Sources */ = {isa = PBXBuildFile; fileRef = 0A48908315C7FA4500207478 /* WiimoteClassicControllerDelegate.m */; };
		0A4890D115C7FA4500207478 /* WiimoteDelegate.h in Headers */ = {isa = PBXBuildFile; fileRef = 0A48908415C7FA4500207478 /* WiimoteDelegate.h */; settings = {ATTRIBUTES = (Public, ); }; };
		0A4890D215C7FA4500207478 /* WiimoteDelegate.m in Sources */ = {isa = PBXBuildFile; fileRef = 0A48908515C7FA4500207478 /* WiimoteDelegate.m */; };
		0A4890D415C7FA4500207478 /* WiimoteDevice.m in Sources */ = {isa = PBXBuildFile; fileRef = 0A48908715C7FA4500207478 /* WiimoteDevice.m */; };
		0A4890D815C7FA4500207478 /* WiimoteDeviceReadMemHandler.m in Sources */ = {isa = PBXBuildFile; fileRef = 0A48908B15C7FA4500207478 /* WiimoteDeviceReadMemHandler.m */; };
		0A4890D915C7FA4500207478 /* WiimoteDeviceReport.h in Headers */ = {isa = PBXBuildFile; fileRef = 0A48908C15C7FA4500207478 /* WiimoteDeviceReport.h */; settings = {ATTRIBUTES = (Public, ); }; };
		0A4890DA15C7FA4500207478 /* WiimoteDeviceReport.m in Sources */ = {isa = PBXBuildFile; fileRef = 0A48908D15C7FA4500207478 /* WiimoteDeviceReport.m */; };
		0A4890DC15C7FA4500207478 /* WiimoteDeviceReport+Private.m in Sources */ = {isa = PBXBuildFile; fileRef = 0A48908F15C7FA4500207478 /* WiimoteDeviceReport+Private.m */; };
		0A4890DD15C7FA4500207478 /* WiimoteEventDispatcher.h in Headers */ = {isa = PBXBuildFile; fileRef = 0A48909015C7FA4500207478 /* WiimoteEventDispatcher.h */; settings = {ATTRIBUTES = (Public, ); }; };
		0A4890DE15C7FA4500207478 /* WiimoteEventDispatcher.m in Sources */ = {isa = PBXBuildFile; fileRef = 0A48909115C7FA4500207478 /* WiimoteEventDispatcher.m */; };
		0A4890E015C7FA4500207478 /* WiimoteEventDispatcher+Battery.m in Sources */ = {isa = PBXBuildFile; fileRef = 0A48909315C7FA4500207478 /* WiimoteEventDispatcher+Battery.m */; };
		0A4890E215C7FA4500207478 /* WiimoteEventDispatcher+Button.m in Sources */ = {isa = PBXBuildFile; fileRef = 0A48909515C7FA4500207478 /* WiimoteEventDispatcher+Button.m */; };
		0A4890E415C7FA4500207478 /* WiimoteEventDispatcher+ClassicController.m in Sources */ = {isa = PBXBuildFile; fileRef = 0A48909715C7FA4500207478 /* WiimoteEventDispatcher+ClassicController.m */; };
		0A4890E615C7FA4500207478 /* WiimoteEventDispatcher+Extension.m in Sources */ = {isa = PBXBuildFile; fileRef = 0A48909915C7FA4500207478 /* WiimoteEventDispatcher+Extension.m */; };
		0A4890E815C7FA4500207478 /* WiimoteEventDispatcher+LED.m in Sources */ = {isa = PBXBuildFile; fileRef = 0A48909B15C7FA4500207478 /* WiimoteEventDispatcher+LED.m */; };
		0A4890EA15C7FA4500207478 /* WiimoteEventDispatcher+Nunchuck.m in Sources */ = {isa = PBXBuildFile; fileRef = 0A48909D15C7FA4500207478 /* WiimoteEventDispatcher+Nunchuck.m */; };
		0A4890EC15C7FA4500207478 /* WiimoteEventDispatcher+Private.m in Sources */ = {isa = PBXBuildFile; fileRef = 0A48909F15C7FA4500207478 /* WiimoteEventDispatcher+Private.m */; };
		0A4890EE15C7FA4500207478 /* WiimoteEventDispatcher+Vibration.m in Sources */ = {isa = PBXBuildFile; fileRef = 0A4890A115C7FA4500207478 /* WiimoteEventDispatcher+Vibration.m */; };
		0A4890EF15C7FA4500207478 /* WiimoteExtension.h in Headers */ = {isa = PBXBuildFile; fileRef = 0A4890A215C7FA4500207478 /* WiimoteExtension.h */; settings = {ATTRIBUTES = (Public, ); }; };
		0A4890F015C7FA4500207478 /* WiimoteExtension.m in Sources */ = {isa = PBXBuildFile; fileRef = 0A4890A315C7FA4500207478 /* WiimoteExtension.m */; };
		0A4890F115C7FA4500207478 /* WiimoteExtension+PlugIn.h in Headers */ = {isa = PBXBuildFile; fileRef = 0A4890A415C7FA4500207478 /* WiimoteExtension+PlugIn.h */; settings = {ATTRIBUTES = (Public, ); }; };
		0A4890F215C7FA4500207478 /* WiimoteExtension+PlugIn.m in Sources */ = {isa = PBXBuildFile; fileRef = 0A4890A515C7FA4500207478 /* WiimoteExtension+PlugIn.m */; };
		0A4890F415C7FA4500207478 /* WiimoteExtensionHelper.m in Sources */ = {isa = PBXBuildFile; fileRef = 0A4890A715C7FA4500207478 /* WiimoteExtensionHelper.m */; };
		0A4890F615C7FA4500207478 /* WiimoteExtensionPart.m in Sources */ = {isa = PBXBuildFile; fileRef = 0A4890A915C7FA4500207478 /* WiimoteExtensionPart.m */; };
		0A4890F715C7FA4500207478 /* WiimoteExtensionProbeHandler.h in Headers */ = {isa = PBXBuildFile; fileRef = 0A4890AA15C7FA4500207478 /* WiimoteExtensionProbeHandler.h */; settings = {ATTRIBUTES = (Public, ); }; };
		0A4890F815C7FA4500207478 /* WiimoteExtensionProbeHandler.m in Sources */ = {isa = PBXBuildFile; fileRef = 0A4890AB15C7FA4500207478 /* WiimoteExtensionProbeHandler.m */; };
		0A4890F915C7FA4500207478 /* WiimoteGenericExtension.h in Headers */ = {isa = PBXBuildFile; fileRef = 0A4890AC15C7FA4500207478 /* WiimoteGenericExtension.h */; settings = {ATTRIBUTES = (Public, ); }; };
		0A4890FA15C7FA4500207478 /* WiimoteGenericExtension.m in Sources */ = {isa = PBXBuildFile; fileRef = 0A4890AD15C7FA4500207478 /* WiimoteGenericExtension.m */; };
		0A4890FC15C7FA4500207478 /* WiimoteInquiry.m in Sources */ = {isa = PBXBuildFile; fileRef = 0A4890AF15C7FA4500207478 /* WiimoteInquiry.m */; };
		0A4890FD15C7FA4500207478 /* WiimoteIOManager.h in Headers */ = {isa = PBXBuildFile; fileRef = 0A4890B015C7FA4500207478 /* WiimoteIOManager.h */; settings = {ATTRIBUTES = (Public, ); }; };
		0A4890FE15C7FA4500207478 /* WiimoteIOManager.m in Sources */ = {isa = PBXBuildFile; fileRef = 0A4890B115C7FA4500207478 /* WiimoteIOManager.m */; };
		0A48910015C7FA4500207478 /* WiimoteIOManager+Private.m in Sources */ = {isa = PBXBuildFile; fileRef = 0A4890B315C7FA4500207478 /* WiimoteIOManager+Private.m */; };
		0A48910215C7FA4500207478 /* WiimoteLEDPart.m in Sources */ = {isa = PBXBuildFile; fileRef = 0A4890B515C7FA4500207478 /* WiimoteLEDPart.m */; };
		0A48910415C7FA4500207478 /* WiimoteNunchuck.m in Sources */ = {isa = PBXBuildFile; fileRef = 0A4890B715C7FA4500207478 /* WiimoteNunchuck.m */; };
		0A48910515C7FA4500207478 /* WiimoteNunchuckDelegate.h in Headers */ = {isa = PBXBuildFile; fileRef = 0A4890B815C7FA4500207478 /* WiimoteNunchuckDelegate.h */; settings = {ATTRIBUTES = (Public, ); }; };
		0A48910615C7FA4500207478 /* WiimoteNunchuckDelegate.m in Sources */ = {isa = PBXBuildFile; fileRef = 0A4890B915C7FA4500207478 /* WiimoteNunchuckDelegate.m */; };
		0A48910715C7FA4500207478 /* WiimotePart.h in Headers */ = {isa = PBXBuildFile; fileRef = 0A4890BA15C7FA4500207478 /* WiimotePart.h */; settings = {ATTRIBUTES = (Public, ); }; };
		0A48910815C7FA4500207478 /* WiimotePart.m in Sources */ = {isa = PBXBuildFile; fileRef = 0A4890BB15C7FA4500207478 /* WiimotePart.m */; };
		0A48910A15C7FA4500207478 /* WiimotePartSet.m in Sources */ = {isa = PBXBuildFile; fileRef = 0A4890BD15C7FA4500207478 /* WiimotePartSet.m */; };
		0A48910B15C7FA4500207478 /* WiimoteProtocol.h in Headers */ = {isa = PBXBuildFile; fileRef = 0A4890BE15C7FA4500207478 /* WiimoteProtocol.h */; settings = {ATTRIBUTES = (Public, ); }; };
		0A48910D15C7FA4500207478 /* WiimoteVibrationPart.m in Sources */ = {isa = PBXBuildFile; fileRef = 0A4890C015C7FA4500207478 /* WiimoteVibrationPart.m */; };
		0A48910E15C7FA4500207478 /* WiimoteWatchdog.h in Headers */ = {isa = PBXBuildFile; fileRef = 0A4890C115C7FA4500207478 /* WiimoteWatchdog.h */; settings = {ATTRIBUTES = (Public, ); }; };
		0A48910F15C7FA4500207478 /* WiimoteWatchdog.m in Sources */ = {isa = PBXBuildFile; fileRef = 0A4890C215C7FA4500207478 /* WiimoteWatchdog.m */; };
		0A4AE22015D105C100408710 /* WiimoteIRPart.m in Sources */ = {isa = PBXBuildFile; fileRef = 0A4AE21E15D105C100408710 /* WiimoteIRPart.m */; };
		0A4AE29815D1149600408710 /* WiimoteProtocolIR.h in Headers */ = {isa = PBXBuildFile; fileRef = 0A4AE29715D1149600408710 /* WiimoteProtocolIR.h */; settings = {ATTRIBUTES = (Public, ); }; };
		0A4AE2EC15D117EA00408710 /* WiimoteIRPoint.h in Headers */ = {isa = PBXBuildFile; fileRef = 0A4AE2EA15D117EA00408710 /* WiimoteIRPoint.h */; settings = {ATTRIBUTES = (Public, ); }; };
		0A4AE2ED15D117EA00408710 /* WiimoteIRPoint.m in Sources */ = {isa = PBXBuildFile; fileRef = 0A4AE2EB15D117EA00408710 /* WiimoteIRPoint.m */; };
		0A4AE31515D1189200408710 /* WiimoteIRPoint+Private.m in Sources */ = {isa = PBXBuildFile; fileRef = 0A4AE31315D1189200408710 /* WiimoteIRPoint+Private.m */; };
		0A4AE3C515D1215000408710 /* WiimoteEventDispatcher+IR.m in Sources */ = {isa = PBXBuildFile; fileRef = 0A4AE3C315D1215000408710 /* WiimoteEventDispatcher+IR.m */; };
		0A51E160176DE647004393FF /* WiimoteUProController.m in Sources */ = {isa = PBXBuildFile; fileRef = 0A51E15E176DE647004393FF /* WiimoteUProController.m */; };
		0A51E164176DEA03004393FF /* WiimoteEventDispatcher+UProController.m in Sources */ = {isa = PBXBuildFile; fileRef = 0A51E162176DEA03004393FF /* WiimoteEventDispatcher+UProController.m */; };
		0A51E167176DEA7D004393FF /* WiimoteUProControllerDelegate.h in Headers */ = {isa = PBXBuildFile; fileRef = 0A51E165176DEA7D004393FF /* WiimoteUProControllerDelegate.h */; settings = {ATTRIBUTES = (Public, ); }; };
		0A51E168176DEA7D004393FF /* WiimoteUProControllerDelegate.m in Sources */ = {isa = PBXBuildFile; fileRef = 0A51E166176DEA7D004393FF /* WiimoteUProControllerDelegate.m */; };
		0A51E16D176DEF67004393FF /* WiimoteProtocolUProController.h in Headers */ = {isa = PBXBuildFile; fileRef = 0A51E16A176DEF26004393FF /* WiimoteProtocolUProController.h */; settings = {ATTRIBUTES = (Public, ); }; };
		0A5284BC178D78D800C41F8E /* WiimoteDeviceTransport.m in Sources */ = {isa = PBXBuildFile; fileRef = 0A5284BA178D78D800C41F8E /* WiimoteDeviceTransport.m */; };
		0A5C520715CF9E9600940D89 /* WiimoteAccelerometer.h in Headers */ = {isa = PBXBuildFile; fileRef = 0A5C520515CF9E9600940D89 /* WiimoteAccelerometer.h */; settings = {ATTRIBUTES = (Public, ); }; };
		0A5C520815CF9E9600940D89 /* WiimoteAccelerometer.m in Sources */ = {isa = PBXBuildFile; fileRef = 0A5C520615CF9E9600940D89 /* WiimoteAccelerometer.m */; };
		0A5C525715CFAFD700940D89 /* WiimoteAccelerometer+PlugIn.h in Headers */ = {isa = PBXBuildFile; fileRef = 0A5C525515CFAFD700940D89 /* WiimoteAccelerometer+PlugIn.h */; settings = {ATTRIBUTES = (Public, ); }; };
		0A5C525815CFAFD700940D89 /* WiimoteAccelerometer+PlugIn.m in Sources */ = {isa = PBXBuildFile; fileRef = 0A5C525615CFAFD700940D89 /* WiimoteAccelerometer+PlugIn.m */; };
		0A5C587515CFF69000940D89 /* WiimoteProtocolUtils.h in Headers */ = {isa = PBXBuildFile; fileRef = 0A5C587415CFF69000940D89 /* WiimoteProtocolUtils.h */; settings = {ATTRIBUTES = (Public, ); }; };
		0A5C588715CFF71C00940D89 /* WiimoteProtocolNunchuck.h in Headers */ = {isa = PBXBuildFile; fileRef = 0A5C588615CFF71C00940D89 /* WiimoteProtocolNunchuck.h */; settings = {ATTRIBUTES = (Public, ); }; };
		0A5C588915CFF75A00940D89 /* WiimoteProtocolClassicController.h in Headers */ = {isa = PBXBuildFile; fileRef = 0A5C588815CFF75A00940D89 /* WiimoteProtocolClassicController.h */; settings = {ATTRIBUTES = (Public, ); }; };
		0A5C589E15CFF8EA00940D89 /* WiimoteProtocolCommand.h in Headers */ = {isa = PBXBuildFile; fileRef = 0A5C589D15CFF8EA00940D89 /* WiimoteProtocolCommand.h */; settings = {ATTRIBUTES = (Public, ); }; };
		0A5C58A115CFF93C00940D89 /* WiimoteProtocolReport.h in Headers */ = {isa = PBXBuildFile; fileRef = 0A5C58A015CFF93C00940D89 /* WiimoteProtocolReport.h */; settings = {ATTRIBUTES = (Public, ); }; };
		0A5C58A315CFFA5100940D89 /* WiimoteProtocolCalibration.h in Headers */ = {isa = PBXBuildFile; fileRef = 0A5C58A215CFFA5100940D89 /* WiimoteProtocolCalibration.h */; settings = {ATTRIBUTES = (Public, ); }; };
		0A5C58A515CFFAF400940D89 /* WiimoteProtocolExtension.h in Headers */ = {isa = PBXBuildFile; fileRef = 0A5C58A415CFFAF400940D89 /* WiimoteProtocolExtension.h */; settings = {ATTRIBUTES = (Public, ); }; };
		0A66C81715CBEAA200096DDA /* WiimoteAccelerometerPart.m in Sources */ = {isa = PBXBuildFile; fileRef = 0A66C81115CBE8A800096DDA /* WiimoteAccelerometerPart.m */; };
		0A66C82915CBF49A00096DDA /* WiimoteEventDispatcher+Accelerometer.m in Sources */ = {isa = PBXBuildFile; fileRef = 0A66C82715CBF49000096DDA /* WiimoteEventDispatcher+Accelerometer.m */; };
		0A66C87E15CC0C5000096DDA /* Wiimote+PlugIn.h in Headers */ = {isa = PBXBuildFile; fileRef = 0A66C87C15CC0C5000096DDA /* Wiimote+PlugIn.h */; settings = {ATTRIBUTES = (Public, ); }; };
		0A66C87F15CC0C5000096DDA /* Wiimote+PlugIn.m in Sources */ = {isa = PBXBuildFile; fileRef = 0A66C87D15CC0C5000096DDA /* Wiimote+PlugIn.m */; };
		0A6901C515C90EB8000D988D /* WiimoteUnknownExtension.m in Sources */ = {isa = PBXBuildFile; fileRef = 0A6901C315C90EB8000D988D /* WiimoteUnknownExtension.m */; };
		0A6E74331600DA060054BD4A /* WiimoteMotionPlusDetector.m in Sources */ = {isa = PBXBuildFile; fileRef = 0A6E74311600DA060054BD4A /* WiimoteMotionPlusDetector.m */; };
		0A6E74511600E1580054BD4A /* WiimoteProtocolMotionPlus.h in Headers */ = {isa = PBXBuildFile; fileRef = 0A6E74501600E1580054BD4A /* WiimoteProtocolMotionPlus.h */; settings = {ATTRIBUTES = (Public, ); }; };
		0A8396C61774B9F400DC64EC /* WiimoteAnalogNormalizer.h in Headers */ = {isa = PBXBuildFile; fileRef = 0A8396C41774B9F400DC64EC /* WiimoteAnalogNormalizer.h */; settings = {ATTRIBUTES = (Public, ); }; };
		0A8396C71774B9F400DC64EC /* WiimoteAnalogNormalizer.m in Sources */ = {isa = PBXBuildFile; fileRef = 0A8396C51774B9F400DC64EC /* WiimoteAnalogNormalizer.m */; };
		0A87DCBD1780B1AB00BB1BD8 /* WiimoteDevicePair.m in Sources */ = {isa = PBXBuildFile; fileRef = 0A87DCBB1780B1AB00BB1BD8 /* WiimoteDevicePair.m */; };
		0A87DCC21780BB0200BB1BD8 /* HIDManager+Private.m in Sources */ = {isa = PBXBuildFile; fileRef = 0A87DCBF1780BAC000BB1BD8 /* HIDManager+Private.m */; };
		0A8A2D901602257300940B66 /* WiimoteMotionPlus.m in Sources */ = {isa = PBXBuildFile; fileRef = 0A8A2D8E1602257300940B66 /* WiimoteMotionPlus.m */; };
		0A8A2DB416022BFC00940B66 /* WiimoteMotionPlusDelegate.h in Headers */ = {isa = PBXBuildFile; fileRef = 0A8A2DB216022BFC00940B66 /* WiimoteMotionPlusDelegate.h */; settings = {ATTRIBUTES = (Public, ); }; };
		0A8A2DB516022BFC00940B66 /* WiimoteMotionPlusDelegate.m in Sources */ = {isa = PBXBuildFile; fileRef = 0A8A2DB316022BFC00940B66 /* WiimoteMotionPlusDelegate.m */; };
		0ACC5D3015CAF63B001F1B06 /* WiimoteDeviceReadMemQueue.m in Sources */ = {isa = PBXBuildFile; fileRef = 0ACC5D2E15CAF63A001F1B06 /* WiimoteDeviceReadMemQueue.m */; };
		8DC2EF570486A6940098B216 /* Cocoa.framework in Frameworks */ = {isa = PBXBuildFile; fileRef = 1058C7B1FEA5585E11CA2CBB /* Cocoa.framework */; };
/* End PBXBuildFile section */

/* Begin PBXContainerItemProxy section */
		0A22061015C2A850004D168E /* PBXContainerItemProxy */ = {
			isa = PBXContainerItemProxy;
			containerPortal = 0867D690FE84028FC02AAC07 /* Project object */;
			proxyType = 1;
			remoteGlobalIDString = 8DC2EF4F0486A6940098B216;
			remoteInfo = Wiimote;
		};
		0A35C642177879FA00E43A07 /* PBXContainerItemProxy */ = {
			isa = PBXContainerItemProxy;
			containerPortal = 0867D690FE84028FC02AAC07 /* Project object */;
			proxyType = 1;
			remoteGlobalIDString = 0A35C63B177879EE00E43A07;
			remoteInfo = HID;
		};
/* End PBXContainerItemProxy section */

/* Begin PBXCopyFilesBuildPhase section */
		0A22063315C2A8A1004D168E /* Copy Frameworks */ = {
			isa = PBXCopyFilesBuildPhase;
			buildActionMask = 2147483647;
			dstPath = "";
			dstSubfolderSpec = 10;
			files = (
				0A22061F15C2A87F004D168E /* Wiimote.framework in Copy Frameworks */,
			);
			name = "Copy Frameworks";
			runOnlyForDeploymentPostprocessing = 0;
		};
		0A35C7A317787A8800E43A07 /* Copy Frameworks */ = {
			isa = PBXCopyFilesBuildPhase;
			buildActionMask = 2147483647;
			dstPath = "";
			dstSubfolderSpec = 10;
			files = (
				0A35C79C17787A4200E43A07 /* HID.framework in Copy Frameworks */,
			);
			name = "Copy Frameworks";
			runOnlyForDeploymentPostprocessing = 0;
		};
/* End PBXCopyFilesBuildPhase section */

/* Begin PBXFileReference section */
		0A2205EE15C2A72D004D168E /* IOBluetooth.framework */ = {isa = PBXFileReference; lastKnownFileType = wrapper.framework; name = IOBluetooth.framework; path = System/Library/Frameworks/IOBluetooth.framework; sourceTree = SDKROOT; };
		0A2205F915C2A7B2004D168E /* test.m */ = {isa = PBXFileReference; fileEncoding = 4; lastKnownFileType = sourcecode.c.objc; path = test.m; sourceTree = "<group>"; };
		0A22060A15C2A84C004D168E /* test.app */ = {isa = PBXFileReference; explicitFileType = wrapper.application; includeInIndex = 0; path = test.app; sourceTree = BUILT_PRODUCTS_DIR; };
		0A22060C15C2A84C004D168E /* test-Info.plist */ = {isa = PBXFileReference; lastKnownFileType = text.plist.xml; path = "test-Info.plist"; sourceTree = "<group>"; };
		0A35C63C177879EE00E43A07 /* HID.framework */ = {isa = PBXFileReference; explicitFileType = wrapper.framework; includeInIndex = 0; path = HID.framework; sourceTree = BUILT_PRODUCTS_DIR; };
		0A35C63D177879EE00E43A07 /* HID-Info.plist */ = {isa = PBXFileReference; lastKnownFileType = text.plist.xml; path = "HID-Info.plist"; sourceTree = "<group>"; };
		0A35C64417787A1000E43A07 /* Foundation.framework */ = {isa = PBXFileReference; lastKnownFileType = wrapper.framework; name = Foundation.framework; path = System/Library/Frameworks/Foundation.framework; sourceTree = SDKROOT; };
		0A35C64617787A1000E43A07 /* IOKit.framework */ = {isa = PBXFileReference; lastKnownFileType = wrapper.framework; name = IOKit.framework; path = System/Library/Frameworks/IOKit.framework; sourceTree = SDKROOT; };
		0A35C7A417787A9400E43A07 /* HIDDevice.h */ = {isa = PBXFileReference; fileEncoding = 4; lastKnownFileType = sourcecode.c.h; path = HIDDevice.h; sourceTree = "<group>"; };
		0A35C7A517787A9400E43A07 /* HIDDevice.m */ = {isa = PBXFileReference; fileEncoding = 4; lastKnownFileType = sourcecode.c.objc; path = HIDDevice.m; sourceTree = "<group>"; };
		0A35C7A617787A9400E43A07 /* HIDDevice+Private.h */ = {isa = PBXFileReference; fileEncoding = 4; lastKnownFileType = sourcecode.c.h; path = "HIDDevice+Private.h"; sourceTree = "<group>"; };
		0A35C7A717787A9400E43A07 /* HIDDevice+Private.m */ = {isa = PBXFileReference; fileEncoding = 4; lastKnownFileType = sourcecode.c.objc; path = "HIDDevice+Private.m"; sourceTree = "<group>"; };
		0A35C7A817787A9400E43A07 /* HIDManager.h */ = {isa = PBXFileReference; fileEncoding = 4; lastKnownFileType = sourcecode.c.h; path = HIDManager.h; sourceTree = "<group>"; };
		0A35C7A917787A9400E43A07 /* HIDManager.m */ = {isa = PBXFileReference; fileEncoding = 4; lastKnownFileType = sourcecode.c.objc; path = HIDManager.m; sourceTree = "<group>"; };
		0A362EDC1623EE1F00B14E58 /* test.xib */ = {isa = PBXFileReference; lastKnownFileType = file.xib; path = test.xib; sourceTree = "<group>"; };
		0A362EE31623F06F00B14E58 /* WiimoteWrapper.h */ = {isa = PBXFileReference; fileEncoding = 4; lastKnownFileType = sourcecode.c.h; path = WiimoteWrapper.h; sourceTree = "<group>"; };
		0A362EE41623F06F00B14E58 /* WiimoteWrapper.m */ = {isa = PBXFileReference; fileEncoding = 4; lastKnownFileType = sourcecode.c.objc; path = WiimoteWrapper.m; sourceTree = "<group>"; };
		0A362F1C1623F4FC00B14E58 /* TestController.h */ = {isa = PBXFileReference; fileEncoding = 4; lastKnownFileType = sourcecode.c.h; path = TestController.h; sourceTree = "<group>"; };
		0A362F1D1623F4FC00B14E58 /* TestController.m */ = {isa = PBXFileReference; fileEncoding = 4; lastKnownFileType = sourcecode.c.objc; path = TestController.m; sourceTree = "<group>"; };
		0A4883061616FF89006D6C27 /* WiimoteEventDispatcher+MotionPlus.h */ = {isa = PBXFileReference; fileEncoding = 4; lastKnownFileType = sourcecode.c.h; path = "WiimoteEventDispatcher+MotionPlus.h"; sourceTree = "<group>"; };
		0A4883071616FF89006D6C27 /* WiimoteEventDispatcher+MotionPlus.m */ = {isa = PBXFileReference; fileEncoding = 4; lastKnownFileType = sourcecode.c.objc; path = "WiimoteEventDispatcher+MotionPlus.m"; sourceTree = "<group>"; };
		0A48907615C7FA4500207478 /* Wiimote.h */ = {isa = PBXFileReference; fileEncoding = 4; lastKnownFileType = sourcecode.c.h; path = Wiimote.h; sourceTree = "<group>"; };
		0A48907715C7FA4500207478 /* Wiimote.m */ = {isa = PBXFileReference; fileEncoding = 4; lastKnownFileType = sourcecode.c.objc; path = Wiimote.m; sourceTree = "<group>"; };
		0A48907815C7FA4500207478 /* Wiimote+Create.h */ = {isa = PBXFileReference; fileEncoding = 4; lastKnownFileType = sourcecode.c.h; path = "Wiimote+Create.h"; sourceTree = "<group>"; };
		0A48907915C7FA4500207478 /* Wiimote+Create.m */ = {isa = PBXFileReference; fileEncoding = 4; lastKnownFileType = sourcecode.c.objc; path = "Wiimote+Create.m"; sourceTree = "<group>"; };
		0A48907A15C7FA4500207478 /* Wiimote+Tracking.h */ = {isa = PBXFileReference; fileEncoding = 4; lastKnownFileType = sourcecode.c.h; path = "Wiimote+Tracking.h"; sourceTree = "<group>"; };
		0A48907B15C7FA4500207478 /* Wiimote+Tracking.m */ = {isa = PBXFileReference; fileEncoding = 4; lastKnownFileType = sourcecode.c.objc; path = "Wiimote+Tracking.m"; sourceTree = "<group>"; };
		0A48907C15C7FA4500207478 /* WiimoteBatteryPart.h */ = {isa = PBXFileReference; fileEncoding = 4; lastKnownFileType = sourcecode.c.h; path = WiimoteBatteryPart.h; sourceTree = "<group>"; };
		0A48907D15C7FA4500207478 /* WiimoteBatteryPart.m */ = {isa = PBXFileReference; fileEncoding = 4; lastKnownFileType = sourcecode.c.objc; path = WiimoteBatteryPart.m; sourceTree = "<group>"; };
		0A48907E15C7FA4500207478 /* WiimoteButtonPart.h */ = {isa = PBXFileReference; fileEncoding = 4; lastKnownFileType = sourcecode.c.h; path = WiimoteButtonPart.h; sourceTree = "<group>"; };
		0A48907F15C7FA4500207478 /* WiimoteButtonPart.m */ = {isa = PBXFileReference; fileEncoding = 4; lastKnownFileType = sourcecode.c.objc; path = WiimoteButtonPart.m; sourceTree = "<group>"; };
		0A48908015C7FA4500207478 /* WiimoteClassicController.h */ = {isa = PBXFileReference; fileEncoding = 4; lastKnownFileType = sourcecode.c.h; path = WiimoteClassicController.h; sourceTree = "<group>"; };
		0A48908115C7FA4500207478 /* WiimoteClassicController.m */ = {isa = PBXFileReference; fileEncoding = 4; lastKnownFileType = sourcecode.c.objc; path = WiimoteClassicController.m; sourceTree = "<group>"; };
		0A48908215C7FA4500207478 /* WiimoteClassicControllerDelegate.h */ = {isa = PBXFileReference; fileEncoding = 4; lastKnownFileType = sourcecode.c.h; path = WiimoteClassicControllerDelegate.h; sourceTree = "<group>"; };
		0A48908315C7FA4500207478 /* WiimoteClassicControllerDelegate.m */ = {isa = PBXFileReference; fileEncoding = 4; lastKnownFileType = sourcecode.c.objc; path = WiimoteClassicControllerDelegate.m; sourceTree = "<group>"; };
		0A48908415C7FA4500207478 /* WiimoteDelegate.h */ = {isa = PBXFileReference; fileEncoding = 4; lastKnownFileType = sourcecode.c.h; path = WiimoteDelegate.h; sourceTree = "<group>"; };
		0A48908515C7FA4500207478 /* WiimoteDelegate.m */ = {isa = PBXFileReference; fileEncoding = 4; lastKnownFileType = sourcecode.c.objc; path = WiimoteDelegate.m; sourceTree = "<group>"; };
		0A48908615C7FA4500207478 /* WiimoteDevice.h */ = {isa = PBXFileReference; fileEncoding = 4; lastKnownFileType = sourcecode.c.h; path = WiimoteDevice.h; sourceTree = "<group>"; };
		0A48908715C7FA4500207478 /* WiimoteDevice.m */ = {isa = PBXFileReference; fileEncoding = 4; lastKnownFileType = sourcecode.c.objc; path = WiimoteDevice.m; sourceTree = "<group>"; };
		0A48908A15C7FA4500207478 /* WiimoteDeviceReadMemHandler.h */ = {isa = PBXFileReference; fileEncoding = 4; lastKnownFileType = sourcecode.c.h; path = WiimoteDeviceReadMemHandler.h; sourceTree = "<group>"; };
		0A48908B15C7FA4500207478 /* WiimoteDeviceReadMemHandler.m */ = {isa = PBXFileReference; fileEncoding = 4; lastKnownFileType = sourcecode.c.objc; path = WiimoteDeviceReadMemHandler.m; sourceTree = "<group>"; };
		0A48908C15C7FA4500207478 /* WiimoteDeviceReport.h */ = {isa = PBXFileReference; fileEncoding = 4; lastKnownFileType = sourcecode.c.h; path = WiimoteDeviceReport.h; sourceTree = "<group>"; };
		0A48908D15C7FA4500207478 /* WiimoteDeviceReport.m */ = {isa = PBXFileReference; fileEncoding = 4; lastKnownFileType = sourcecode.c.objc; path = WiimoteDeviceReport.m; sourceTree = "<group>"; };
		0A48908E15C7FA4500207478 /* WiimoteDeviceReport+Private.h */ = {isa = PBXFileReference; fileEncoding = 4; lastKnownFileType = sourcecode.c.h; path = "WiimoteDeviceReport+Private.h"; sourceTree = "<group>"; };
		0A48908F15C7FA4500207478 /* WiimoteDeviceReport+Private.m */ = {isa = PBXFileReference; fileEncoding = 4; lastKnownFileType = sourcecode.c.objc; path = "WiimoteDeviceReport+Private.m"; sourceTree = "<group>"; };
		0A48909015C7FA4500207478 /* WiimoteEventDispatcher.h */ = {isa = PBXFileReference; fileEncoding = 4; lastKnownFileType = sourcecode.c.h; path = WiimoteEventDispatcher.h; sourceTree = "<group>"; };
		0A48909115C7FA4500207478 /* WiimoteEventDispatcher.m */ = {isa = PBXFileReference; fileEncoding = 4; lastKnownFileType = sourcecode.c.objc; path = WiimoteEventDispatcher.m; sourceTree = "<group>"; };
		0A48909215C7FA4500207478 /* WiimoteEventDispatcher+Battery.h */ = {isa = PBXFileReference; fileEncoding = 4; lastKnownFileType = sourcecode.c.h; path = "WiimoteEventDispatcher+Battery.h"; sourceTree = "<group>"; };
		0A48909315C7FA4500207478 /* WiimoteEventDispatcher+Battery.m */ = {isa = PBXFileReference; fileEncoding = 4; lastKnownFileType = sourcecode.c.objc; path = "WiimoteEventDispatcher+Battery.m"; sourceTree = "<group>"; };
		0A48909415C7FA4500207478 /* WiimoteEventDispatcher+Button.h */ = {isa = PBXFileReference; fileEncoding = 4; lastKnownFileType = sourcecode.c.h; path = "WiimoteEventDispatcher+Button.h"; sourceTree = "<group>"; };
		0A48909515C7FA4500207478 /* WiimoteEventDispatcher+Button.m */ = {isa = PBXFileReference; fileEncoding = 4; lastKnownFileType = sourcecode.c.objc; path = "WiimoteEventDispatcher+Button.m"; sourceTree = "<group>"; };
		0A48909615C7FA4500207478 /* WiimoteEventDispatcher+ClassicController.h */ = {isa = PBXFileReference; fileEncoding = 4; lastKnownFileType = sourcecode.c.h; path = "WiimoteEventDispatcher+ClassicController.h"; sourceTree = "<group>"; };
		0A48909715C7FA4500207478 /* WiimoteEventDispatcher+ClassicController.m */ = {isa = PBXFileReference; fileEncoding = 4; lastKnownFileType = sourcecode.c.objc; path = "WiimoteEventDispatcher+ClassicController.m"; sourceTree = "<group>"; };
		0A48909815C7FA4500207478 /* WiimoteEventDispatcher+Extension.h */ = {isa = PBXFileReference; fileEncoding = 4; lastKnownFileType = sourcecode.c.h; path = "WiimoteEventDispatcher+Extension.h"; sourceTree = "<group>"; };
		0A48909915C7FA4500207478 /* WiimoteEventDispatcher+Extension.m */ = {isa = PBXFileReference; fileEncoding = 4; lastKnownFileType = sourcecode.c.objc; path = "WiimoteEventDispatcher+Extension.m"; sourceTree = "<group>"; };
		0A48909A15C7FA4500207478 /* WiimoteEventDispatcher+LED.h */ = {isa = PBXFileReference; fileEncoding = 4; lastKnownFileType = sourcecode.c.h; path = "WiimoteEventDispatcher+LED.h"; sourceTree = "<group>"; };
		0A48909B15C7FA4500207478 /* WiimoteEventDispatcher+LED.m */ = {isa = PBXFileReference; fileEncoding = 4; lastKnownFileType = sourcecode.c.objc; path = "WiimoteEventDispatcher+LED.m"; sourceTree = "<group>"; };
		0A48909C15C7FA4500207478 /* WiimoteEventDispatcher+Nunchuck.h */ = {isa = PBXFileReference; fileEncoding = 4; lastKnownFileType = sourcecode.c.h; path = "WiimoteEventDispatcher+Nunchuck.h"; sourceTree = "<group>"; };
		0A48909D15C7FA4500207478 /* WiimoteEventDispatcher+Nunchuck.m */ = {isa = PBXFileReference; fileEncoding = 4; lastKnownFileType = sourcecode.c.objc; path = "WiimoteEventDispatcher+Nunchuck.m"; sourceTree = "<group>"; };
		0A48909E15C7FA4500207478 /* WiimoteEventDispatcher+Private.h */ = {isa = PBXFileReference; fileEncoding = 4; lastKnownFileType = sourcecode.c.h; path = "WiimoteEventDispatcher+Private.h"; sourceTree = "<group>"; };
		0A48909F15C7FA4500207478 /* WiimoteEventDispatcher+Private.m */ = {isa = PBXFileReference; fileEncoding = 4; lastKnownFileType = sourcecode.c.objc; path = "WiimoteEventDispatcher+Private.m"; sourceTree = "<group>"; };
		0A4890A015C7FA4500207478 /* WiimoteEventDispatcher+Vibration.h */ = {isa = PBXFileReference; fileEncoding = 4; lastKnownFileType = sourcecode.c.h; path = "WiimoteEventDispatcher+Vibration.h"; sourceTree = "<group>"; };
		0A4890A115C7FA4500207478 /* WiimoteEventDispatcher+Vibration.m */ = {isa = PBXFileReference; fileEncoding = 4; lastKnownFileType = sourcecode.c.objc; path = "WiimoteEventDispatcher+Vibration.m"; sourceTree = "<group>"; };
		0A4890A215C7FA4500207478 /* WiimoteExtension.h */ = {isa = PBXFileReference; fileEncoding = 4; lastKnownFileType = sourcecode.c.h; path = WiimoteExtension.h; sourceTree = "<group>"; };
		0A4890A315C7FA4500207478 /* WiimoteExtension.m */ = {isa = PBXFileReference; fileEncoding = 4; lastKnownFileType = sourcecode.c.objc; path = WiimoteExtension.m; sourceTree = "<group>"; };
		0A4890A415C7FA4500207478 /* WiimoteExtension+PlugIn.h */ = {isa = PBXFileReference; fileEncoding = 4; lastKnownFileType = sourcecode.c.h; path = "WiimoteExtension+PlugIn.h"; sourceTree = "<group>"; };
		0A4890A515C7FA4500207478 /* WiimoteExtension+PlugIn.m */ = {isa = PBXFileReference; fileEncoding = 4; lastKnownFileType = sourcecode.c.objc; path = "WiimoteExtension+PlugIn.m"; sourceTree = "<group>"; };
		0A4890A615C7FA4500207478 /* WiimoteExtensionHelper.h */ = {isa = PBXFileReference; fileEncoding = 4; lastKnownFileType = sourcecode.c.h; path = WiimoteExtensionHelper.h; sourceTree = "<group>"; };
		0A4890A715C7FA4500207478 /* WiimoteExtensionHelper.m */ = {isa = PBXFileReference; fileEncoding = 4; lastKnownFileType = sourcecode.c.objc; path = WiimoteExtensionHelper.m; sourceTree = "<group>"; };
		0A4890A815C7FA4500207478 /* WiimoteExtensionPart.h */ = {isa = PBXFileReference; fileEncoding = 4; lastKnownFileType = sourcecode.c.h; path = WiimoteExtensionPart.h; sourceTree = "<group>"; };
		0A4890A915C7FA4500207478 /* WiimoteExtensionPart.m */ = {isa = PBXFileReference; fileEncoding = 4; lastKnownFileType = sourcecode.c.objc; path = WiimoteExtensionPart.m; sourceTree = "<group>"; };
		0A4890AA15C7FA4500207478 /* WiimoteExtensionProbeHandler.h */ = {isa = PBXFileReference; fileEncoding = 4; lastKnownFileType = sourcecode.c.h; path = WiimoteExtensionProbeHandler.h; sourceTree = "<group>"; };
		0A4890AB15C7FA4500207478 /* WiimoteExtensionProbeHandler.m */ = {isa = PBXFileReference; fileEncoding = 4; lastKnownFileType = sourcecode.c.objc; path = WiimoteExtensionProbeHandler.m; sourceTree = "<group>"; };
		0A4890AC15C7FA4500207478 /* WiimoteGenericExtension.h */ = {isa = PBXFileReference; fileEncoding = 4; lastKnownFileType = sourcecode.c.h; path = WiimoteGenericExtension.h; sourceTree = "<group>"; };
		0A4890AD15C7FA4500207478 /* WiimoteGenericExtension.m */ = {isa = PBXFileReference; fileEncoding = 4; lastKnownFileType = sourcecode.c.objc; path = WiimoteGenericExtension.m; sourceTree = "<group>"; };
		0A4890AE15C7FA4500207478 /* WiimoteInquiry.h */ = {isa = PBXFileReference; fileEncoding = 4; lastKnownFileType = sourcecode.c.h; path = WiimoteInquiry.h; sourceTree = "<group>"; };
		0A4890AF15C7FA4500207478 /* WiimoteInquiry.m */ = {isa = PBXFileReference; fileEncoding = 4; lastKnownFileType = sourcecode.c.objc; path = WiimoteInquiry.m; sourceTree = "<group>"; };
		0A4890B015C7FA4500207478 /* WiimoteIOManager.h */ = {isa = PBXFileReference; fileEncoding = 4; lastKnownFileType = sourcecode.c.h; path = WiimoteIOManager.h; sourceTree = "<group>"; };
		0A4890B115C7FA4500207478 /* WiimoteIOManager.m */ = {isa = PBXFileReference; fileEncoding = 4; lastKnownFileType = sourcecode.c.objc; path = WiimoteIOManager.m; sourceTree = "<group>"; };
		0A4890B215C7FA4500207478 /* WiimoteIOManager+Private.h */ = {isa = PBXFileReference; fileEncoding = 4; lastKnownFileType = sourcecode.c.h; path = "WiimoteIOManager+Private.h"; sourceTree = "<group>"; };
		0A4890B315C7FA4500207478 /* WiimoteIOManager+Private.m */ = {isa = PBXFileReference; fileEncoding = 4; lastKnownFileType = sourcecode.c.objc; path = "WiimoteIOManager+Private.m"; sourceTree = "<group>"; };
		0A4890B415C7FA4500207478 /* WiimoteLEDPart.h */ = {isa = PBXFileReference; fileEncoding = 4; lastKnownFileType = sourcecode.c.h; path = WiimoteLEDPart.h; sourceTree = "<group>"; };
		0A4890B515C7FA4500207478 /* WiimoteLEDPart.m */ = {isa = PBXFileReference; fileEncoding = 4; lastKnownFileType = sourcecode.c.objc; path = WiimoteLEDPart.m; sourceTree = "<group>"; };
		0A4890B615C7FA4500207478 /* WiimoteNunchuck.h */ = {isa = PBXFileReference; fileEncoding = 4; lastKnownFileType = sourcecode.c.h; path = WiimoteNunchuck.h; sourceTree = "<group>"; };
		0A4890B715C7FA4500207478 /* WiimoteNunchuck.m */ = {isa = PBXFileReference; fileEncoding = 4; lastKnownFileType = sourcecode.c.objc; path = WiimoteNunchuck.m; sourceTree = "<group>"; };
		0A4890B815C7FA4500207478 /* WiimoteNunchuckDelegate.h */ = {isa = PBXFileReference; fileEncoding = 4; lastKnownFileType = sourcecode.c.h; path = WiimoteNunchuckDelegate.h; sourceTree = "<group>"; };
		0A4890B915C7FA4500207478 /* WiimoteNunchuckDelegate.m */ = {isa = PBXFileReference; fileEncoding = 4; lastKnownFileType = sourcecode.c.objc; path = WiimoteNunchuckDelegate.m; sourceTree = "<group>"; };
		0A4890BA15C7FA4500207478 /* WiimotePart.h */ = {isa = PBXFileReference; fileEncoding = 4; lastKnownFileType = sourcecode.c.h; path = WiimotePart.h; sourceTree = "<group>"; };
		0A4890BB15C7FA4500207478 /* WiimotePart.m */ = {isa = PBXFileReference; fileEncoding = 4; lastKnownFileType = sourcecode.c.objc; path = WiimotePart.m; sourceTree = "<group>"; };
		0A4890BC15C7FA4500207478 /* WiimotePartSet.h */ = {isa = PBXFileReference; fileEncoding = 4; lastKnownFileType = sourcecode.c.h; path = WiimotePartSet.h; sourceTree = "<group>"; };
		0A4890BD15C7FA4500207478 /* WiimotePartSet.m */ = {isa = PBXFileReference; fileEncoding = 4; lastKnownFileType = sourcecode.c.objc; path = WiimotePartSet.m; sourceTree = "<group>"; };
		0A4890BE15C7FA4500207478 /* WiimoteProtocol.h */ = {isa = PBXFileReference; fileEncoding = 4; lastKnownFileType = sourcecode.c.h; path = WiimoteProtocol.h; sourceTree = "<group>"; };
		0A4890BF15C7FA4500207478 /* WiimoteVibrationPart.h */ = {isa = PBXFileReference; fileEncoding = 4; lastKnownFileType = sourcecode.c.h; path = WiimoteVibrationPart.h; sourceTree = "<group>"; };
		0A4890C015C7FA4500207478 /* WiimoteVibrationPart.m */ = {isa = PBXFileReference; fileEncoding = 4; lastKnownFileType = sourcecode.c.objc; path = WiimoteVibrationPart.m; sourceTree = "<group>"; };
		0A4890C115C7FA4500207478 /* WiimoteWatchdog.h */ = {isa = PBXFileReference; fileEncoding = 4; lastKnownFileType = sourcecode.c.h; path = WiimoteWatchdog.h; sourceTree = "<group>"; };
		0A4890C215C7FA4500207478 /* WiimoteWatchdog.m */ = {isa = PBXFileReference; fileEncoding = 4; lastKnownFileType = sourcecode.c.objc; path = WiimoteWatchdog.m; sourceTree = "<group>"; };
		0A4AE21D15D105C100408710 /* WiimoteIRPart.h */ = {isa = PBXFileReference; fileEncoding = 4; lastKnownFileType = sourcecode.c.h; path = WiimoteIRPart.h; sourceTree = "<group>"; };
		0A4AE21E15D105C100408710 /* WiimoteIRPart.m */ = {isa = PBXFileReference; fileEncoding = 4; lastKnownFileType = sourcecode.c.objc; path = WiimoteIRPart.m; sourceTree = "<group>"; };
		0A4AE29715D1149600408710 /* WiimoteProtocolIR.h */ = {isa = PBXFileReference; fileEncoding = 4; lastKnownFileType = sourcecode.c.h; path = WiimoteProtocolIR.h; sourceTree = "<group>"; };
		0A4AE2EA15D117EA00408710 /* WiimoteIRPoint.h */ = {isa = PBXFileReference; fileEncoding = 4; lastKnownFileType = sourcecode.c.h; path = WiimoteIRPoint.h; sourceTree = "<group>"; };
		0A4AE2EB15D117EA00408710 /* WiimoteIRPoint.m */ = {isa = PBXFileReference; fileEncoding = 4; lastKnownFileType = sourcecode.c.objc; path = WiimoteIRPoint.m; sourceTree = "<group>"; };
		0A4AE31215D1189200408710 /* WiimoteIRPoint+Private.h */ = {isa = PBXFileReference; fileEncoding = 4; lastKnownFileType = sourcecode.c.h; path = "WiimoteIRPoint+Private.h"; sourceTree = "<group>"; };
		0A4AE31315D1189200408710 /* WiimoteIRPoint+Private.m */ = {isa = PBXFileReference; fileEncoding = 4; lastKnownFileType = sourcecode.c.objc; path = "WiimoteIRPoint+Private.m"; sourceTree = "<group>"; };
		0A4AE3C215D1215000408710 /* WiimoteEventDispatcher+IR.h */ = {isa = PBXFileReference; fileEncoding = 4; lastKnownFileType = sourcecode.c.h; path = "WiimoteEventDispatcher+IR.h"; sourceTree = "<group>"; };
		0A4AE3C315D1215000408710 /* WiimoteEventDispatcher+IR.m */ = {isa = PBXFileReference; fileEncoding = 4; lastKnownFileType = sourcecode.c.objc; path = "WiimoteEventDispatcher+IR.m"; sourceTree = "<group>"; };
		0A51E15D176DE647004393FF /* WiimoteUProController.h */ = {isa = PBXFileReference; fileEncoding = 4; lastKnownFileType = sourcecode.c.h; path = WiimoteUProController.h; sourceTree = "<group>"; };
		0A51E15E176DE647004393FF /* WiimoteUProController.m */ = {isa = PBXFileReference; fileEncoding = 4; lastKnownFileType = sourcecode.c.objc; path = WiimoteUProController.m; sourceTree = "<group>"; };
		0A51E161176DEA02004393FF /* WiimoteEventDispatcher+UProController.h */ = {isa = PBXFileReference; fileEncoding = 4; lastKnownFileType = sourcecode.c.h; path = "WiimoteEventDispatcher+UProController.h"; sourceTree = "<group>"; };
		0A51E162176DEA03004393FF /* WiimoteEventDispatcher+UProController.m */ = {isa = PBXFileReference; fileEncoding = 4; lastKnownFileType = sourcecode.c.objc; path = "WiimoteEventDispatcher+UProController.m"; sourceTree = "<group>"; };
		0A51E165176DEA7D004393FF /* WiimoteUProControllerDelegate.h */ = {isa = PBXFileReference; fileEncoding = 4; lastKnownFileType = sourcecode.c.h; path = WiimoteUProControllerDelegate.h; sourceTree = "<group>"; };
		0A51E166176DEA7D004393FF /* WiimoteUProControllerDelegate.m */ = {isa = PBXFileReference; fileEncoding = 4; lastKnownFileType = sourcecode.c.objc; path = WiimoteUProControllerDelegate.m; sourceTree = "<group>"; };
		0A51E16A176DEF26004393FF /* WiimoteProtocolUProController.h */ = {isa = PBXFileReference; fileEncoding = 4; lastKnownFileType = sourcecode.c.h; path = WiimoteProtocolUProController.h; sourceTree = "<group>"; };
		0A5284B9178D78D800C41F8E /* WiimoteDeviceTransport.h */ = {isa = PBXFileReference; fileEncoding = 4; lastKnownFileType = sourcecode.c.h; path = WiimoteDeviceTransport.h; sourceTree = "<group>"; };
		0A5284BA178D78D800C41F8E /* WiimoteDeviceTransport.m */ = {isa = PBXFileReference; fileEncoding = 4; lastKnownFileType = sourcecode.c.objc; path = WiimoteDeviceTransport.m; sourceTree = "<group>"; };
		0A5C520515CF9E9600940D89 /* WiimoteAccelerometer.h */ = {isa = PBXFileReference; fileEncoding = 4; lastKnownFileType = sourcecode.c.h; path = WiimoteAccelerometer.h; sourceTree = "<group>"; };
		0A5C520615CF9E9600940D89 /* WiimoteAccelerometer.m */ = {isa = PBXFileReference; fileEncoding = 4; lastKnownFileType = sourcecode.c.objc; path = WiimoteAccelerometer.m; sourceTree = "<group>"; };
		0A5C525515CFAFD700940D89 /* WiimoteAccelerometer+PlugIn.h */ = {isa = PBXFileReference; fileEncoding = 4; lastKnownFileType = sourcecode.c.h; path = "WiimoteAccelerometer+PlugIn.h"; sourceTree = "<group>"; };
		0A5C525615CFAFD700940D89 /* WiimoteAccelerometer+PlugIn.m */ = {isa = PBXFileReference; fileEncoding = 4; lastKnownFileType = sourcecode.c.objc; path = "WiimoteAccelerometer+PlugIn.m"; sourceTree = "<group>"; };
		0A5C587415CFF69000940D89 /* WiimoteProtocolUtils.h */ = {isa = PBXFileReference; fileEncoding = 4; lastKnownFileType = sourcecode.c.h; path = WiimoteProtocolUtils.h; sourceTree = "<group>"; };
		0A5C588615CFF71C00940D89 /* WiimoteProtocolNunchuck.h */ = {isa = PBXFileReference; fileEncoding = 4; lastKnownFileType = sourcecode.c.h; path = WiimoteProtocolNunchuck.h; sourceTree = "<group>"; };
		0A5C588815CFF75A00940D89 /* WiimoteProtocolClassicController.h */ = {isa = PBXFileReference; fileEncoding = 4; lastKnownFileType = sourcecode.c.h; path = WiimoteProtocolClassicController.h; sourceTree = "<group>"; };
		0A5C589D15CFF8EA00940D89 /* WiimoteProtocolCommand.h */ = {isa = PBXFileReference; fileEncoding = 4; lastKnownFileType = sourcecode.c.h; path = WiimoteProtocolCommand.h; sourceTree = "<group>"; };
		0A5C58A015CFF93C00940D89 /* WiimoteProtocolReport.h */ = {isa = PBXFileReference; fileEncoding = 4; lastKnownFileType = sourcecode.c.h; path = WiimoteProtocolReport.h; sourceTree = "<group>"; };
		0A5C58A215CFFA5100940D89 /* WiimoteProtocolCalibration.h */ = {isa = PBXFileReference; fileEncoding = 4; lastKnownFileType = sourcecode.c.h; path = WiimoteProtocolCalibration.h; sourceTree = "<group>"; };
		0A5C58A415CFFAF400940D89 /* WiimoteProtocolExtension.h */ = {isa = PBXFileReference; fileEncoding = 4; lastKnownFileType = sourcecode.c.h; path = WiimoteProtocolExtension.h; sourceTree = "<group>"; };
		0A66C81015CBE8A800096DDA /* WiimoteAccelerometerPart.h */ = {isa = PBXFileReference; fileEncoding = 4; lastKnownFileType = sourcecode.c.h; path = WiimoteAccelerometerPart.h; sourceTree = "<group>"; };
		0A66C81115CBE8A800096DDA /* WiimoteAccelerometerPart.m */ = {isa = PBXFileReference; fileEncoding = 4; lastKnownFileType = sourcecode.c.objc; path = WiimoteAccelerometerPart.m; sourceTree = "<group>"; };
		0A66C82615CBF49000096DDA /* WiimoteEventDispatcher+Accelerometer.h */ = {isa = PBXFileReference; fileEncoding = 4; lastKnownFileType = sourcecode.c.h; path = "WiimoteEventDispatcher+Accelerometer.h"; sourceTree = "<group>"; };
		0A66C82715CBF49000096DDA /* WiimoteEventDispatcher+Accelerometer.m */ = {isa = PBXFileReference; fileEncoding = 4; lastKnownFileType = sourcecode.c.objc; path = "WiimoteEventDispatcher+Accelerometer.m"; sourceTree = "<group>"; };
		0A66C87C15CC0C5000096DDA /* Wiimote+PlugIn.h */ = {isa = PBXFileReference; fileEncoding = 4; lastKnownFileType = sourcecode.c.h; path = "Wiimote+PlugIn.h"; sourceTree = "<group>"; };
		0A66C87D15CC0C5000096DDA /* Wiimote+PlugIn.m */ = {isa = PBXFileReference; fileEncoding = 4; lastKnownFileType = sourcecode.c.objc; path = "Wiimote+PlugIn.m"; sourceTree = "<group>"; };
		0A6901C215C90EB8000D988D /* WiimoteUnknownExtension.h */ = {isa = PBXFileReference; fileEncoding = 4; lastKnownFileType = sourcecode.c.h; path = WiimoteUnknownExtension.h; sourceTree = "<group>"; };
		0A6901C315C90EB8000D988D /* WiimoteUnknownExtension.m */ = {isa = PBXFileReference; fileEncoding = 4; lastKnownFileType = sourcecode.c.objc; path = WiimoteUnknownExtension.m; sourceTree = "<group>"; };
		0A6E74301600DA060054BD4A /* WiimoteMotionPlusDetector.h */ = {isa = PBXFileReference; fileEncoding = 4; lastKnownFileType = sourcecode.c.h; path = WiimoteMotionPlusDetector.h; sourceTree = "<group>"; };
		0A6E74311600DA060054BD4A /* WiimoteMotionPlusDetector.m */ = {isa = PBXFileReference; fileEncoding = 4; lastKnownFileType = sourcecode.c.objc; path = WiimoteMotionPlusDetector.m; sourceTree = "<group>"; };
		0A6E74501600E1580054BD4A /* WiimoteProtocolMotionPlus.h */ = {isa = PBXFileReference; fileEncoding = 4; lastKnownFileType = sourcecode.c.h; path = WiimoteProtocolMotionPlus.h; sourceTree = "<group>"; };
		0A8396C41774B9F400DC64EC /* WiimoteAnalogNormalizer.h */ = {isa = PBXFileReference; fileEncoding = 4; lastKnownFileType = sourcecode.c.h; path = WiimoteAnalogNormalizer.h; sourceTree = "<group>"; };
		0A8396C51774B9F400DC64EC /* WiimoteAnalogNormalizer.m */ = {isa = PBXFileReference; fileEncoding = 4; lastKnownFileType = sourcecode.c.objc; path = WiimoteAnalogNormalizer.m; sourceTree = "<group>"; };
		0A87DCBA1780B1AA00BB1BD8 /* WiimoteDevicePair.h */ = {isa = PBXFileReference; fileEncoding = 4; lastKnownFileType = sourcecode.c.h; path = WiimoteDevicePair.h; sourceTree = "<group>"; };
		0A87DCBB1780B1AB00BB1BD8 /* WiimoteDevicePair.m */ = {isa = PBXFileReference; fileEncoding = 4; lastKnownFileType = sourcecode.c.objc; path = WiimoteDevicePair.m; sourceTree = "<group>"; };
		0A87DCBE1780BAC000BB1BD8 /* HIDManager+Private.h */ = {isa = PBXFileReference; fileEncoding = 4; lastKnownFileType = sourcecode.c.h; path = "HIDManager+Private.h"; sourceTree = "<group>"; };
		0A87DCBF1780BAC000BB1BD8 /* HIDManager+Private.m */ = {isa = PBXFileReference; fileEncoding = 4; lastKnownFileType = sourcecode.c.objc; path = "HIDManager+Private.m"; sourceTree = "<group>"; };
		0A8A2D8D1602257300940B66 /* WiimoteMotionPlus.h */ = {isa = PBXFileReference; fileEncoding = 4; lastKnownFileType = sourcecode.c.h; path = WiimoteMotionPlus.h; sourceTree = "<group>"; };
		0A8A2D8E1602257300940B66 /* WiimoteMotionPlus.m */ = {isa = PBXFileReference; fileEncoding = 4; lastKnownFileType = sourcecode.c.objc; path = WiimoteMotionPlus.m; sourceTree = "<group>"; };
		0A8A2DB216022BFC00940B66 /* WiimoteMotionPlusDelegate.h */ = {isa = PBXFileReference; fileEncoding = 4; lastKnownFileType = sourcecode.c.h; path = WiimoteMotionPlusDelegate.h; sourceTree = "<group>"; };
		0A8A2DB316022BFC00940B66 /* WiimoteMotionPlusDelegate.m */ = {isa = PBXFileReference; fileEncoding = 4; lastKnownFileType = sourcecode.c.objc; path = WiimoteMotionPlusDelegate.m; sourceTree = "<group>"; };
		0ACC5D2D15CAF63A001F1B06 /* WiimoteDeviceReadMemQueue.h */ = {isa = PBXFileReference; fileEncoding = 4; lastKnownFileType = sourcecode.c.h; path = WiimoteDeviceReadMemQueue.h; sourceTree = "<group>"; };
		0ACC5D2E15CAF63A001F1B06 /* WiimoteDeviceReadMemQueue.m */ = {isa = PBXFileReference; fileEncoding = 4; lastKnownFileType = sourcecode.c.objc; path = WiimoteDeviceReadMemQueue.m; sourceTree = "<group>"; };
		1058C7B1FEA5585E11CA2CBB /* Cocoa.framework */ = {isa = PBXFileReference; lastKnownFileType = wrapper.framework; name = Cocoa.framework; path = /System/Library/Frameworks/Cocoa.framework; sourceTree = "<absolute>"; };
		8DC2EF5A0486A6940098B216 /* Info.plist */ = {isa = PBXFileReference; fileEncoding = 4; lastKnownFileType = text.plist.xml; path = Info.plist; sourceTree = "<group>"; };
		8DC2EF5B0486A6940098B216 /* Wiimote.framework */ = {isa = PBXFileReference; explicitFileType = wrapper.framework; includeInIndex = 0; path = Wiimote.framework; sourceTree = BUILT_PRODUCTS_DIR; };
/* End PBXFileReference section */

/* Begin PBXFrameworksBuildPhase section */
		0A22060815C2A84C004D168E /* Frameworks */ = {
			isa = PBXFrameworksBuildPhase;
			buildActionMask = 2147483647;
			files = (
				0A22061315C2A868004D168E /* Cocoa.framework in Frameworks */,
				0A22061815C2A86D004D168E /* Wiimote.framework in Frameworks */,
			);
			runOnlyForDeploymentPostprocessing = 0;
		};
		0A35C63A177879EE00E43A07 /* Frameworks */ = {
			isa = PBXFrameworksBuildPhase;
			buildActionMask = 2147483647;
			files = (
				0A35C79717787A2700E43A07 /* Foundation.framework in Frameworks */,
				0A35C79817787A2700E43A07 /* IOKit.framework in Frameworks */,
			);
			runOnlyForDeploymentPostprocessing = 0;
		};
		8DC2EF560486A6940098B216 /* Frameworks */ = {
			isa = PBXFrameworksBuildPhase;
			buildActionMask = 2147483647;
			files = (
				0A35C79417787A2000E43A07 /* HID.framework in Frameworks */,
				8DC2EF570486A6940098B216 /* Cocoa.framework in Frameworks */,
				0A2205EF15C2A72D004D168E /* IOBluetooth.framework in Frameworks */,
			);
			runOnlyForDeploymentPostprocessing = 0;
		};
/* End PBXFrameworksBuildPhase section */

/* Begin PBXGroup section */
		034768DFFF38A50411DB9C8B /* Products */ = {
			isa = PBXGroup;
			children = (
				8DC2EF5B0486A6940098B216 /* Wiimote.framework */,
				0A22060A15C2A84C004D168E /* test.app */,
				0A35C63C177879EE00E43A07 /* HID.framework */,
			);
			name = Products;
			sourceTree = "<group>";
		};
		0867D691FE84028FC02AAC07 /* Wiimote */ = {
			isa = PBXGroup;
			children = (
				08FB77AEFE84172EC02AAC07 /* Classes */,
				0867D69AFE84028FC02AAC07 /* External Frameworks and Libraries */,
				034768DFFF38A50411DB9C8B /* Products */,
			);
			name = Wiimote;
			sourceTree = "<group>";
		};
		0867D69AFE84028FC02AAC07 /* External Frameworks and Libraries */ = {
			isa = PBXGroup;
			children = (
				1058C7B1FEA5585E11CA2CBB /* Cocoa.framework */,
				0A2205EE15C2A72D004D168E /* IOBluetooth.framework */,
				0A35C64417787A1000E43A07 /* Foundation.framework */,
				0A35C64617787A1000E43A07 /* IOKit.framework */,
			);
			name = "External Frameworks and Libraries";
			sourceTree = "<group>";
		};
		08FB77AEFE84172EC02AAC07 /* Classes */ = {
			isa = PBXGroup;
			children = (
				0A2205BC15C2A6E4004D168E /* framework */,
				0A2205BD15C2A6EC004D168E /* test */,
			);
			name = Classes;
			sourceTree = "<group>";
		};
		0A2205BC15C2A6E4004D168E /* framework */ = {
			isa = PBXGroup;
			children = (
				0A35C635177879DB00E43A07 /* HID */,
				0A48911015C7FB3B00207478 /* base */,
				0A48911D15C7FCC200207478 /* plugin interface */,
				0A48911A15C7FC9100207478 /* internal */,
				0A48911E15C7FCDD00207478 /* standart extensions */,
				0A4AE2EA15D117EA00408710 /* WiimoteIRPoint.h */,
				0A4AE2EB15D117EA00408710 /* WiimoteIRPoint.m */,
				0A5C520515CF9E9600940D89 /* WiimoteAccelerometer.h */,
				0A5C520615CF9E9600940D89 /* WiimoteAccelerometer.m */,
				0A8396C41774B9F400DC64EC /* WiimoteAnalogNormalizer.h */,
				0A8396C51774B9F400DC64EC /* WiimoteAnalogNormalizer.m */,
				0A48908415C7FA4500207478 /* WiimoteDelegate.h */,
				0A48908515C7FA4500207478 /* WiimoteDelegate.m */,
				0A4890A215C7FA4500207478 /* WiimoteExtension.h */,
				0A4890A315C7FA4500207478 /* WiimoteExtension.m */,
				0A4890C115C7FA4500207478 /* WiimoteWatchdog.h */,
				0A4890C215C7FA4500207478 /* WiimoteWatchdog.m */,
				0A48907615C7FA4500207478 /* Wiimote.h */,
				0A48907715C7FA4500207478 /* Wiimote.m */,
				8DC2EF5A0486A6940098B216 /* Info.plist */,
			);
			name = framework;
			sourceTree = "<group>";
		};
		0A2205BD15C2A6EC004D168E /* test */ = {
			isa = PBXGroup;
			children = (
				0A22060C15C2A84C004D168E /* test-Info.plist */,
				0A362EDC1623EE1F00B14E58 /* test.xib */,
				0A362EE31623F06F00B14E58 /* WiimoteWrapper.h */,
				0A362EE41623F06F00B14E58 /* WiimoteWrapper.m */,
				0A362F1C1623F4FC00B14E58 /* TestController.h */,
				0A362F1D1623F4FC00B14E58 /* TestController.m */,
				0A2205F915C2A7B2004D168E /* test.m */,
			);
			name = test;
			sourceTree = "<group>";
		};
		0A35C635177879DB00E43A07 /* HID */ = {
			isa = PBXGroup;
			children = (
				0A35C7B017787AA000E43A07 /* internal */,
				0A35C7A417787A9400E43A07 /* HIDDevice.h */,
				0A35C7A517787A9400E43A07 /* HIDDevice.m */,
				0A35C7A817787A9400E43A07 /* HIDManager.h */,
				0A35C7A917787A9400E43A07 /* HIDManager.m */,
				0A35C63D177879EE00E43A07 /* HID-Info.plist */,
			);
			name = HID;
			sourceTree = "<group>";
		};
		0A35C7B017787AA000E43A07 /* internal */ = {
			isa = PBXGroup;
			children = (
				0A35C7A617787A9400E43A07 /* HIDDevice+Private.h */,
				0A35C7A717787A9400E43A07 /* HIDDevice+Private.m */,
				0A87DCBE1780BAC000BB1BD8 /* HIDManager+Private.h */,
				0A87DCBF1780BAC000BB1BD8 /* HIDManager+Private.m */,
			);
			name = internal;
			sourceTree = "<group>";
		};
		0A48911015C7FB3B00207478 /* base */ = {
			isa = PBXGroup;
			children = (
				0A5C588F15CFF7C700940D89 /* protocol */,
				0A48908C15C7FA4500207478 /* WiimoteDeviceReport.h */,
				0A48908D15C7FA4500207478 /* WiimoteDeviceReport.m */,
				0A48909015C7FA4500207478 /* WiimoteEventDispatcher.h */,
				0A48909115C7FA4500207478 /* WiimoteEventDispatcher.m */,
				0A4890B015C7FA4500207478 /* WiimoteIOManager.h */,
				0A4890B115C7FA4500207478 /* WiimoteIOManager.m */,
				0A66C8A015CC0E2900096DDA /* internal */,
			);
			name = base;
			sourceTree = "<group>";
		};
		0A48911115C7FB4400207478 /* device */ = {
			isa = PBXGroup;
			children = (
				0A66C59315CBBDFB00096DDA /* utils */,
				0A5284AB178D788200C41F8E /* transport */,
				0A48908615C7FA4500207478 /* WiimoteDevice.h */,
				0A48908715C7FA4500207478 /* WiimoteDevice.m */,
			);
			name = device;
			sourceTree = "<group>";
		};
		0A48911315C7FB5300207478 /* standart parts */ = {
			isa = PBXGroup;
			children = (
				0A4AE21C15D105AE00408710 /* IR */,
				0A48911615C7FC2B00207478 /* LED */,
				0A48911515C7FC1500207478 /* vibration */,
				0A48911715C7FC4000207478 /* button */,
				0A48911815C7FC5500207478 /* battery */,
				0A66C80F15CBE89200096DDA /* accelerometer */,
				0A48911915C7FC7100207478 /* extension port */,
			);
			name = "standart parts";
			sourceTree = "<group>";
		};
		0A48911515C7FC1500207478 /* vibration */ = {
			isa = PBXGroup;
			children = (
				0A4890A015C7FA4500207478 /* WiimoteEventDispatcher+Vibration.h */,
				0A4890A115C7FA4500207478 /* WiimoteEventDispatcher+Vibration.m */,
				0A4890BF15C7FA4500207478 /* WiimoteVibrationPart.h */,
				0A4890C015C7FA4500207478 /* WiimoteVibrationPart.m */,
			);
			name = vibration;
			sourceTree = "<group>";
		};
		0A48911615C7FC2B00207478 /* LED */ = {
			isa = PBXGroup;
			children = (
				0A48909A15C7FA4500207478 /* WiimoteEventDispatcher+LED.h */,
				0A48909B15C7FA4500207478 /* WiimoteEventDispatcher+LED.m */,
				0A4890B415C7FA4500207478 /* WiimoteLEDPart.h */,
				0A4890B515C7FA4500207478 /* WiimoteLEDPart.m */,
			);
			name = LED;
			sourceTree = "<group>";
		};
		0A48911715C7FC4000207478 /* button */ = {
			isa = PBXGroup;
			children = (
				0A48909415C7FA4500207478 /* WiimoteEventDispatcher+Button.h */,
				0A48909515C7FA4500207478 /* WiimoteEventDispatcher+Button.m */,
				0A48907E15C7FA4500207478 /* WiimoteButtonPart.h */,
				0A48907F15C7FA4500207478 /* WiimoteButtonPart.m */,
			);
			name = button;
			sourceTree = "<group>";
		};
		0A48911815C7FC5500207478 /* battery */ = {
			isa = PBXGroup;
			children = (
				0A48909215C7FA4500207478 /* WiimoteEventDispatcher+Battery.h */,
				0A48909315C7FA4500207478 /* WiimoteEventDispatcher+Battery.m */,
				0A48907C15C7FA4500207478 /* WiimoteBatteryPart.h */,
				0A48907D15C7FA4500207478 /* WiimoteBatteryPart.m */,
			);
			name = battery;
			sourceTree = "<group>";
		};
		0A48911915C7FC7100207478 /* extension port */ = {
			isa = PBXGroup;
			children = (
				0A48909815C7FA4500207478 /* WiimoteEventDispatcher+Extension.h */,
				0A48909915C7FA4500207478 /* WiimoteEventDispatcher+Extension.m */,
				0A4890A615C7FA4500207478 /* WiimoteExtensionHelper.h */,
				0A4890A715C7FA4500207478 /* WiimoteExtensionHelper.m */,
				0A6E74301600DA060054BD4A /* WiimoteMotionPlusDetector.h */,
				0A6E74311600DA060054BD4A /* WiimoteMotionPlusDetector.m */,
				0A4890A815C7FA4500207478 /* WiimoteExtensionPart.h */,
				0A4890A915C7FA4500207478 /* WiimoteExtensionPart.m */,
			);
			name = "extension port";
			sourceTree = "<group>";
		};
		0A48911A15C7FC9100207478 /* internal */ = {
			isa = PBXGroup;
			children = (
				0A48911B15C7FC9800207478 /* inquiry */,
				0A48911115C7FB4400207478 /* device */,
				0A66C89E15CC0E1900096DDA /* wiimote parts */,
				0A4AE31215D1189200408710 /* WiimoteIRPoint+Private.h */,
				0A4AE31315D1189200408710 /* WiimoteIRPoint+Private.m */,
				0A48907A15C7FA4500207478 /* Wiimote+Tracking.h */,
				0A48907B15C7FA4500207478 /* Wiimote+Tracking.m */,
				0A48907815C7FA4500207478 /* Wiimote+Create.h */,
				0A48907915C7FA4500207478 /* Wiimote+Create.m */,
			);
			name = internal;
			sourceTree = "<group>";
		};
		0A48911B15C7FC9800207478 /* inquiry */ = {
			isa = PBXGroup;
			children = (
				0A7DBBFD17817D00008D97D8 /* utils */,
				0A4890AE15C7FA4500207478 /* WiimoteInquiry.h */,
				0A4890AF15C7FA4500207478 /* WiimoteInquiry.m */,
			);
			name = inquiry;
			sourceTree = "<group>";
		};
		0A48911D15C7FCC200207478 /* plugin interface */ = {
			isa = PBXGroup;
			children = (
				0A4890BA15C7FA4500207478 /* WiimotePart.h */,
				0A4890BB15C7FA4500207478 /* WiimotePart.m */,
				0A66C89C15CC0DC300096DDA /* extensions */,
				0A5C525515CFAFD700940D89 /* WiimoteAccelerometer+PlugIn.h */,
				0A5C525615CFAFD700940D89 /* WiimoteAccelerometer+PlugIn.m */,
				0A66C87C15CC0C5000096DDA /* Wiimote+PlugIn.h */,
				0A66C87D15CC0C5000096DDA /* Wiimote+PlugIn.m */,
			);
			name = "plugin interface";
			sourceTree = "<group>";
		};
		0A48911E15C7FCDD00207478 /* standart extensions */ = {
			isa = PBXGroup;
			children = (
				0A48911F15C7FCF800207478 /* nunchuck */,
				0A48912115C7FD0F00207478 /* classic controller */,
				0A51E15B176DE5F2004393FF /* wii u pro controller */,
				0A8A2D8B1602254B00940B66 /* motion plus */,
				0A6901C115C90E9C000D988D /* unknown */,
			);
			name = "standart extensions";
			sourceTree = "<group>";
		};
		0A48911F15C7FCF800207478 /* nunchuck */ = {
			isa = PBXGroup;
			children = (
				0A48912015C7FD0100207478 /* internal */,
				0A4890B815C7FA4500207478 /* WiimoteNunchuckDelegate.h */,
				0A4890B915C7FA4500207478 /* WiimoteNunchuckDelegate.m */,
			);
			name = nunchuck;
			sourceTree = "<group>";
		};
		0A48912015C7FD0100207478 /* internal */ = {
			isa = PBXGroup;
			children = (
				0A48909C15C7FA4500207478 /* WiimoteEventDispatcher+Nunchuck.h */,
				0A48909D15C7FA4500207478 /* WiimoteEventDispatcher+Nunchuck.m */,
				0A4890B615C7FA4500207478 /* WiimoteNunchuck.h */,
				0A4890B715C7FA4500207478 /* WiimoteNunchuck.m */,
			);
			name = internal;
			sourceTree = "<group>";
		};
		0A48912115C7FD0F00207478 /* classic controller */ = {
			isa = PBXGroup;
			children = (
				0A48912215C7FD1800207478 /* internal */,
				0A48908215C7FA4500207478 /* WiimoteClassicControllerDelegate.h */,
				0A48908315C7FA4500207478 /* WiimoteClassicControllerDelegate.m */,
			);
			name = "classic controller";
			sourceTree = "<group>";
		};
		0A48912215C7FD1800207478 /* internal */ = {
			isa = PBXGroup;
			children = (
				0A48909615C7FA4500207478 /* WiimoteEventDispatcher+ClassicController.h */,
				0A48909715C7FA4500207478 /* WiimoteEventDispatcher+ClassicController.m */,
				0A48908015C7FA4500207478 /* WiimoteClassicController.h */,
				0A48908115C7FA4500207478 /* WiimoteClassicController.m */,
			);
			name = internal;
			sourceTree = "<group>";
		};
		0A4AE21C15D105AE00408710 /* IR */ = {
			isa = PBXGroup;
			children = (
				0A4AE3C215D1215000408710 /* WiimoteEventDispatcher+IR.h */,
				0A4AE3C315D1215000408710 /* WiimoteEventDispatcher+IR.m */,
				0A4AE21D15D105C100408710 /* WiimoteIRPart.h */,
				0A4AE21E15D105C100408710 /* WiimoteIRPart.m */,
			);
			name = IR;
			sourceTree = "<group>";
		};
		0A51E15B176DE5F2004393FF /* wii u pro controller */ = {
			isa = PBXGroup;
			children = (
				0A51E15C176DE600004393FF /* internal */,
				0A51E165176DEA7D004393FF /* WiimoteUProControllerDelegate.h */,
				0A51E166176DEA7D004393FF /* WiimoteUProControllerDelegate.m */,
			);
			name = "wii u pro controller";
			sourceTree = "<group>";
		};
		0A51E15C176DE600004393FF /* internal */ = {
			isa = PBXGroup;
			children = (
				0A51E161176DEA02004393FF /* WiimoteEventDispatcher+UProController.h */,
				0A51E162176DEA03004393FF /* WiimoteEventDispatcher+UProController.m */,
				0A51E15D176DE647004393FF /* WiimoteUProController.h */,
				0A51E15E176DE647004393FF /* WiimoteUProController.m */,
			);
			name = internal;
			sourceTree = "<group>";
		};
		0A5284AB178D788200C41F8E /* transport */ = {
			isa = PBXGroup;
			children = (
				0A5284B9178D78D800C41F8E /* WiimoteDeviceTransport.h */,
				0A5284BA178D78D800C41F8E /* WiimoteDeviceTransport.m */,
			);
			name = transport;
			sourceTree = "<group>";
		};
		0A5C588F15CFF7C700940D89 /* protocol */ = {
			isa = PBXGroup;
			children = (
				0A5C589015CFF7CF00940D89 /* base */,
				0A4890BE15C7FA4500207478 /* WiimoteProtocol.h */,
			);
			name = protocol;
			sourceTree = "<group>";
		};
		0A5C589015CFF7CF00940D89 /* base */ = {
			isa = PBXGroup;
			children = (
				0A5C589D15CFF8EA00940D89 /* WiimoteProtocolCommand.h */,
				0A5C58A015CFF93C00940D89 /* WiimoteProtocolReport.h */,
				0A4AE29715D1149600408710 /* WiimoteProtocolIR.h */,
				0A5C58A215CFFA5100940D89 /* WiimoteProtocolCalibration.h */,
				0A5C58A415CFFAF400940D89 /* WiimoteProtocolExtension.h */,
				0A5C588615CFF71C00940D89 /* WiimoteProtocolNunchuck.h */,
				0A5C588815CFF75A00940D89 /* WiimoteProtocolClassicController.h */,
				0A51E16A176DEF26004393FF /* WiimoteProtocolUProController.h */,
				0A6E74501600E1580054BD4A /* WiimoteProtocolMotionPlus.h */,
				0A5C587415CFF69000940D89 /* WiimoteProtocolUtils.h */,
			);
			name = base;
			sourceTree = "<group>";
		};
		0A66C59315CBBDFB00096DDA /* utils */ = {
			isa = PBXGroup;
			children = (
				0A48908A15C7FA4500207478 /* WiimoteDeviceReadMemHandler.h */,
				0A48908B15C7FA4500207478 /* WiimoteDeviceReadMemHandler.m */,
				0ACC5D2D15CAF63A001F1B06 /* WiimoteDeviceReadMemQueue.h */,
				0ACC5D2E15CAF63A001F1B06 /* WiimoteDeviceReadMemQueue.m */,
			);
			name = utils;
			sourceTree = "<group>";
		};
		0A66C80F15CBE89200096DDA /* accelerometer */ = {
			isa = PBXGroup;
			children = (
				0A66C82615CBF49000096DDA /* WiimoteEventDispatcher+Accelerometer.h */,
				0A66C82715CBF49000096DDA /* WiimoteEventDispatcher+Accelerometer.m */,
				0A66C81015CBE8A800096DDA /* WiimoteAccelerometerPart.h */,
				0A66C81115CBE8A800096DDA /* WiimoteAccelerometerPart.m */,
			);
			name = accelerometer;
			sourceTree = "<group>";
		};
		0A66C89A15CC0CED00096DDA /* utils */ = {
			isa = PBXGroup;
			children = (
				0A4890AA15C7FA4500207478 /* WiimoteExtensionProbeHandler.h */,
				0A4890AB15C7FA4500207478 /* WiimoteExtensionProbeHandler.m */,
			);
			name = utils;
			sourceTree = "<group>";
		};
		0A66C89C15CC0DC300096DDA /* extensions */ = {
			isa = PBXGroup;
			children = (
				0A66C89A15CC0CED00096DDA /* utils */,
				0A4890A415C7FA4500207478 /* WiimoteExtension+PlugIn.h */,
				0A4890A515C7FA4500207478 /* WiimoteExtension+PlugIn.m */,
				0A4890AC15C7FA4500207478 /* WiimoteGenericExtension.h */,
				0A4890AD15C7FA4500207478 /* WiimoteGenericExtension.m */,
			);
			name = extensions;
			sourceTree = "<group>";
		};
		0A66C89E15CC0E1900096DDA /* wiimote parts */ = {
			isa = PBXGroup;
			children = (
				0A48911315C7FB5300207478 /* standart parts */,
				0A4890BC15C7FA4500207478 /* WiimotePartSet.h */,
				0A4890BD15C7FA4500207478 /* WiimotePartSet.m */,
			);
			name = "wiimote parts";
			sourceTree = "<group>";
		};
		0A66C8A015CC0E2900096DDA /* internal */ = {
			isa = PBXGroup;
			children = (
				0A48908E15C7FA4500207478 /* WiimoteDeviceReport+Private.h */,
				0A48908F15C7FA4500207478 /* WiimoteDeviceReport+Private.m */,
				0A48909E15C7FA4500207478 /* WiimoteEventDispatcher+Private.h */,
				0A48909F15C7FA4500207478 /* WiimoteEventDispatcher+Private.m */,
				0A4890B215C7FA4500207478 /* WiimoteIOManager+Private.h */,
				0A4890B315C7FA4500207478 /* WiimoteIOManager+Private.m */,
			);
			name = internal;
			sourceTree = "<group>";
		};
		0A66C8A115CC0F0200096DDA /* internal */ = {
			isa = PBXGroup;
			children = (
				0A6901C215C90EB8000D988D /* WiimoteUnknownExtension.h */,
				0A6901C315C90EB8000D988D /* WiimoteUnknownExtension.m */,
			);
			name = internal;
			sourceTree = "<group>";
		};
		0A6901C115C90E9C000D988D /* unknown */ = {
			isa = PBXGroup;
			children = (
				0A66C8A115CC0F0200096DDA /* internal */,
			);
			name = unknown;
			sourceTree = "<group>";
		};
		0A7DBBFD17817D00008D97D8 /* utils */ = {
			isa = PBXGroup;
			children = (
				0A87DCBA1780B1AA00BB1BD8 /* WiimoteDevicePair.h */,
				0A87DCBB1780B1AB00BB1BD8 /* WiimoteDevicePair.m */,
			);
			name = utils;
			sourceTree = "<group>";
		};
		0A8A2D8B1602254B00940B66 /* motion plus */ = {
			isa = PBXGroup;
			children = (
				0A8A2D8C1602255E00940B66 /* internal */,
				0A8A2DB216022BFC00940B66 /* WiimoteMotionPlusDelegate.h */,
				0A8A2DB316022BFC00940B66 /* WiimoteMotionPlusDelegate.m */,
			);
			name = "motion plus";
			sourceTree = "<group>";
		};
		0A8A2D8C1602255E00940B66 /* internal */ = {
			isa = PBXGroup;
			children = (
				0A4883061616FF89006D6C27 /* WiimoteEventDispatcher+MotionPlus.h */,
				0A4883071616FF89006D6C27 /* WiimoteEventDispatcher+MotionPlus.m */,
				0A8A2D8D1602257300940B66 /* WiimoteMotionPlus.h */,
				0A8A2D8E1602257300940B66 /* WiimoteMotionPlus.m */,
			);
			name = internal;
			sourceTree = "<group>";
		};
/* End PBXGroup section */

/* Begin PBXHeadersBuildPhase section */
		0A35C637177879EE00E43A07 /* Headers */ = {
			isa = PBXHeadersBuildPhase;
			buildActionMask = 2147483647;
			files = (
				0A35C7AA17787A9400E43A07 /* HIDDevice.h in Headers */,
				0A35C7AE17787A9400E43A07 /* HIDManager.h in Headers */,
			);
			runOnlyForDeploymentPostprocessing = 0;
		};
		8DC2EF500486A6940098B216 /* Headers */ = {
			isa = PBXHeadersBuildPhase;
			buildActionMask = 2147483647;
			files = (
				0A5C589E15CFF8EA00940D89 /* WiimoteProtocolCommand.h in Headers */,
				0A5C58A115CFF93C00940D89 /* WiimoteProtocolReport.h in Headers */,
				0A4AE29815D1149600408710 /* WiimoteProtocolIR.h in Headers */,
				0A5C58A315CFFA5100940D89 /* WiimoteProtocolCalibration.h in Headers */,
				0A5C58A515CFFAF400940D89 /* WiimoteProtocolExtension.h in Headers */,
				0A5C588715CFF71C00940D89 /* WiimoteProtocolNunchuck.h in Headers */,
				0A5C588915CFF75A00940D89 /* WiimoteProtocolClassicController.h in Headers */,
				0A51E16D176DEF67004393FF /* WiimoteProtocolUProController.h in Headers */,
				0A6E74511600E1580054BD4A /* WiimoteProtocolMotionPlus.h in Headers */,
				0A5C587515CFF69000940D89 /* WiimoteProtocolUtils.h in Headers */,
				0A48910B15C7FA4500207478 /* WiimoteProtocol.h in Headers */,
				0A4890D915C7FA4500207478 /* WiimoteDeviceReport.h in Headers */,
				0A4890DD15C7FA4500207478 /* WiimoteEventDispatcher.h in Headers */,
				0A4890FD15C7FA4500207478 /* WiimoteIOManager.h in Headers */,
				0A4AE2EC15D117EA00408710 /* WiimoteIRPoint.h in Headers */,
				0A5C520715CF9E9600940D89 /* WiimoteAccelerometer.h in Headers */,
				0A5C525715CFAFD700940D89 /* WiimoteAccelerometer+PlugIn.h in Headers */,
				0A8396C61774B9F400DC64EC /* WiimoteAnalogNormalizer.h in Headers */,
				0A48910715C7FA4500207478 /* WiimotePart.h in Headers */,
				0A4890EF15C7FA4500207478 /* WiimoteExtension.h in Headers */,
				0A4890F115C7FA4500207478 /* WiimoteExtension+PlugIn.h in Headers */,
				0A4890F715C7FA4500207478 /* WiimoteExtensionProbeHandler.h in Headers */,
				0A4890F915C7FA4500207478 /* WiimoteGenericExtension.h in Headers */,
				0A48910515C7FA4500207478 /* WiimoteNunchuckDelegate.h in Headers */,
				0A4890CF15C7FA4500207478 /* WiimoteClassicControllerDelegate.h in Headers */,
				0A51E167176DEA7D004393FF /* WiimoteUProControllerDelegate.h in Headers */,
				0A8A2DB416022BFC00940B66 /* WiimoteMotionPlusDelegate.h in Headers */,
				0A4890D115C7FA4500207478 /* WiimoteDelegate.h in Headers */,
				0A48910E15C7FA4500207478 /* WiimoteWatchdog.h in Headers */,
				0A4890C315C7FA4500207478 /* Wiimote.h in Headers */,
				0A66C87E15CC0C5000096DDA /* Wiimote+PlugIn.h in Headers */,
			);
			runOnlyForDeploymentPostprocessing = 0;
		};
/* End PBXHeadersBuildPhase section */

/* Begin PBXNativeTarget section */
		0A22060915C2A84C004D168E /* test */ = {
			isa = PBXNativeTarget;
			buildConfigurationList = 0A22060F15C2A84C004D168E /* Build configuration list for PBXNativeTarget "test" */;
			buildPhases = (
				0A22060615C2A84C004D168E /* Resources */,
				0A22060715C2A84C004D168E /* Sources */,
				0A22060815C2A84C004D168E /* Frameworks */,
				0A22063315C2A8A1004D168E /* Copy Frameworks */,
			);
			buildRules = (
			);
			dependencies = (
				0A22061115C2A850004D168E /* PBXTargetDependency */,
			);
			name = test;
			productName = test;
			productReference = 0A22060A15C2A84C004D168E /* test.app */;
			productType = "com.apple.product-type.application";
		};
		0A35C63B177879EE00E43A07 /* HID */ = {
			isa = PBXNativeTarget;
			buildConfigurationList = 0A35C640177879EE00E43A07 /* Build configuration list for PBXNativeTarget "HID" */;
			buildPhases = (
				0A35C637177879EE00E43A07 /* Headers */,
				0A35C638177879EE00E43A07 /* Resources */,
				0A35C639177879EE00E43A07 /* Sources */,
				0A35C63A177879EE00E43A07 /* Frameworks */,
			);
			buildRules = (
			);
			dependencies = (
			);
			name = HID;
			productName = HID;
			productReference = 0A35C63C177879EE00E43A07 /* HID.framework */;
			productType = "com.apple.product-type.framework";
		};
		8DC2EF4F0486A6940098B216 /* Wiimote */ = {
			isa = PBXNativeTarget;
			buildConfigurationList = 1DEB91AD08733DA50010E9CD /* Build configuration list for PBXNativeTarget "Wiimote" */;
			buildPhases = (
				8DC2EF500486A6940098B216 /* Headers */,
				8DC2EF520486A6940098B216 /* Resources */,
				8DC2EF540486A6940098B216 /* Sources */,
				8DC2EF560486A6940098B216 /* Frameworks */,
				0A35C7A317787A8800E43A07 /* Copy Frameworks */,
			);
			buildRules = (
			);
			dependencies = (
				0A35C643177879FA00E43A07 /* PBXTargetDependency */,
			);
			name = Wiimote;
			productInstallPath = "$(HOME)/Library/Frameworks";
			productName = Wiimote;
			productReference = 8DC2EF5B0486A6940098B216 /* Wiimote.framework */;
			productType = "com.apple.product-type.framework";
		};
/* End PBXNativeTarget section */

/* Begin PBXProject section */
		0867D690FE84028FC02AAC07 /* Project object */ = {
			isa = PBXProject;
			buildConfigurationList = 1DEB91B108733DA50010E9CD /* Build configuration list for PBXProject "Wiimote" */;
			compatibilityVersion = "Xcode 3.1";
			developmentRegion = English;
			hasScannedForEncodings = 1;
			knownRegions = (
				English,
				Japanese,
				French,
				German,
			);
			mainGroup = 0867D691FE84028FC02AAC07 /* Wiimote */;
			productRefGroup = 034768DFFF38A50411DB9C8B /* Products */;
			projectDirPath = "";
			projectRoot = "";
			targets = (
				0A35C63B177879EE00E43A07 /* HID */,
				8DC2EF4F0486A6940098B216 /* Wiimote */,
				0A22060915C2A84C004D168E /* test */,
			);
		};
/* End PBXProject section */

/* Begin PBXResourcesBuildPhase section */
		0A22060615C2A84C004D168E /* Resources */ = {
			isa = PBXResourcesBuildPhase;
			buildActionMask = 2147483647;
			files = (
				0A362EDD1623EE1F00B14E58 /* test.xib in Resources */,
			);
			runOnlyForDeploymentPostprocessing = 0;
		};
		0A35C638177879EE00E43A07 /* Resources */ = {
			isa = PBXResourcesBuildPhase;
			buildActionMask = 2147483647;
			files = (
			);
			runOnlyForDeploymentPostprocessing = 0;
		};
		8DC2EF520486A6940098B216 /* Resources */ = {
			isa = PBXResourcesBuildPhase;
			buildActionMask = 2147483647;
			files = (
			);
			runOnlyForDeploymentPostprocessing = 0;
		};
/* End PBXResourcesBuildPhase section */

/* Begin PBXSourcesBuildPhase section */
		0A22060715C2A84C004D168E /* Sources */ = {
			isa = PBXSourcesBuildPhase;
			buildActionMask = 2147483647;
			files = (
				0A362EE51623F06F00B14E58 /* WiimoteWrapper.m in Sources */,
				0A362F1E1623F4FC00B14E58 /* TestController.m in Sources */,
				0A22061215C2A861004D168E /* test.m in Sources */,
			);
			runOnlyForDeploymentPostprocessing = 0;
		};
		0A35C639177879EE00E43A07 /* Sources */ = {
			isa = PBXSourcesBuildPhase;
			buildActionMask = 2147483647;
			files = (
				0A35C7AB17787A9400E43A07 /* HIDDevice.m in Sources */,
				0A35C7AD17787A9400E43A07 /* HIDDevice+Private.m in Sources */,
				0A35C7AF17787A9400E43A07 /* HIDManager.m in Sources */,
				0A87DCC21780BB0200BB1BD8 /* HIDManager+Private.m in Sources */,
			);
			runOnlyForDeploymentPostprocessing = 0;
		};
		8DC2EF540486A6940098B216 /* Sources */ = {
			isa = PBXSourcesBuildPhase;
			buildActionMask = 2147483647;
			files = (
				0A4890C415C7FA4500207478 /* Wiimote.m in Sources */,
				0A4890C615C7FA4500207478 /* Wiimote+Create.m in Sources */,
				0A4890C815C7FA4500207478 /* Wiimote+Tracking.m in Sources */,
				0A4890CA15C7FA4500207478 /* WiimoteBatteryPart.m in Sources */,
				0A4890CC15C7FA4500207478 /* WiimoteButtonPart.m in Sources */,
				0A4890CE15C7FA4500207478 /* WiimoteClassicController.m in Sources */,
				0A4890D015C7FA4500207478 /* WiimoteClassicControllerDelegate.m in Sources */,
				0A4890D215C7FA4500207478 /* WiimoteDelegate.m in Sources */,
				0A4890D415C7FA4500207478 /* WiimoteDevice.m in Sources */,
				0A4890D815C7FA4500207478 /* WiimoteDeviceReadMemHandler.m in Sources */,
				0A4890DA15C7FA4500207478 /* WiimoteDeviceReport.m in Sources */,
				0A4890DC15C7FA4500207478 /* WiimoteDeviceReport+Private.m in Sources */,
				0A4890DE15C7FA4500207478 /* WiimoteEventDispatcher.m in Sources */,
				0A4AE3C515D1215000408710 /* WiimoteEventDispatcher+IR.m in Sources */,
				0A4890E015C7FA4500207478 /* WiimoteEventDispatcher+Battery.m in Sources */,
				0A4890E215C7FA4500207478 /* WiimoteEventDispatcher+Button.m in Sources */,
				0A4890E415C7FA4500207478 /* WiimoteEventDispatcher+ClassicController.m in Sources */,
				0A4890E615C7FA4500207478 /* WiimoteEventDispatcher+Extension.m in Sources */,
				0A4890E815C7FA4500207478 /* WiimoteEventDispatcher+LED.m in Sources */,
				0A4890EA15C7FA4500207478 /* WiimoteEventDispatcher+Nunchuck.m in Sources */,
				0A4890EC15C7FA4500207478 /* WiimoteEventDispatcher+Private.m in Sources */,
				0A4890EE15C7FA4500207478 /* WiimoteEventDispatcher+Vibration.m in Sources */,
				0A4890F015C7FA4500207478 /* WiimoteExtension.m in Sources */,
				0A4890F215C7FA4500207478 /* WiimoteExtension+PlugIn.m in Sources */,
				0A4890F415C7FA4500207478 /* WiimoteExtensionHelper.m in Sources */,
				0A4890F615C7FA4500207478 /* WiimoteExtensionPart.m in Sources */,
				0A4890F815C7FA4500207478 /* WiimoteExtensionProbeHandler.m in Sources */,
				0A4890FA15C7FA4500207478 /* WiimoteGenericExtension.m in Sources */,
				0A87DCBD1780B1AB00BB1BD8 /* WiimoteDevicePair.m in Sources */,
				0A4890FC15C7FA4500207478 /* WiimoteInquiry.m in Sources */,
				0A4890FE15C7FA4500207478 /* WiimoteIOManager.m in Sources */,
				0A48910015C7FA4500207478 /* WiimoteIOManager+Private.m in Sources */,
				0A48910215C7FA4500207478 /* WiimoteLEDPart.m in Sources */,
				0A48910415C7FA4500207478 /* WiimoteNunchuck.m in Sources */,
				0A48910615C7FA4500207478 /* WiimoteNunchuckDelegate.m in Sources */,
				0A48910815C7FA4500207478 /* WiimotePart.m in Sources */,
				0A48910A15C7FA4500207478 /* WiimotePartSet.m in Sources */,
				0A48910D15C7FA4500207478 /* WiimoteVibrationPart.m in Sources */,
				0A48910F15C7FA4500207478 /* WiimoteWatchdog.m in Sources */,
				0A6901C515C90EB8000D988D /* WiimoteUnknownExtension.m in Sources */,
				0ACC5D3015CAF63B001F1B06 /* WiimoteDeviceReadMemQueue.m in Sources */,
				0A66C81715CBEAA200096DDA /* WiimoteAccelerometerPart.m in Sources */,
				0A66C82915CBF49A00096DDA /* WiimoteEventDispatcher+Accelerometer.m in Sources */,
				0A66C87F15CC0C5000096DDA /* Wiimote+PlugIn.m in Sources */,
				0A5C520815CF9E9600940D89 /* WiimoteAccelerometer.m in Sources */,
				0A5C525815CFAFD700940D89 /* WiimoteAccelerometer+PlugIn.m in Sources */,
				0A4AE22015D105C100408710 /* WiimoteIRPart.m in Sources */,
				0A4AE2ED15D117EA00408710 /* WiimoteIRPoint.m in Sources */,
				0A4AE31515D1189200408710 /* WiimoteIRPoint+Private.m in Sources */,
				0A6E74331600DA060054BD4A /* WiimoteMotionPlusDetector.m in Sources */,
				0A8A2D901602257300940B66 /* WiimoteMotionPlus.m in Sources */,
				0A8A2DB516022BFC00940B66 /* WiimoteMotionPlusDelegate.m in Sources */,
				0A4883091616FF89006D6C27 /* WiimoteEventDispatcher+MotionPlus.m in Sources */,
				0A51E160176DE647004393FF /* WiimoteUProController.m in Sources */,
				0A51E164176DEA03004393FF /* WiimoteEventDispatcher+UProController.m in Sources */,
				0A51E168176DEA7D004393FF /* WiimoteUProControllerDelegate.m in Sources */,
				0A8396C71774B9F400DC64EC /* WiimoteAnalogNormalizer.m in Sources */,
				0A5284BC178D78D800C41F8E /* WiimoteDeviceTransport.m in Sources */,
			);
			runOnlyForDeploymentPostprocessing = 0;
		};
/* End PBXSourcesBuildPhase section */

/* Begin PBXTargetDependency section */
		0A22061115C2A850004D168E /* PBXTargetDependency */ = {
			isa = PBXTargetDependency;
			target = 8DC2EF4F0486A6940098B216 /* Wiimote */;
			targetProxy = 0A22061015C2A850004D168E /* PBXContainerItemProxy */;
		};
		0A35C643177879FA00E43A07 /* PBXTargetDependency */ = {
			isa = PBXTargetDependency;
			target = 0A35C63B177879EE00E43A07 /* HID */;
			targetProxy = 0A35C642177879FA00E43A07 /* PBXContainerItemProxy */;
		};
/* End PBXTargetDependency section */

/* Begin XCBuildConfiguration section */
		0A22060D15C2A84C004D168E /* Debug */ = {
			isa = XCBuildConfiguration;
			buildSettings = {
				ALWAYS_SEARCH_USER_PATHS = NO;
				COPY_PHASE_STRIP = NO;
				GCC_DYNAMIC_NO_PIC = NO;
				GCC_ENABLE_FIX_AND_CONTINUE = YES;
				GCC_MODEL_TUNING = G5;
				GCC_OPTIMIZATION_LEVEL = 0;
				GCC_PRECOMPILE_PREFIX_HEADER = YES;
				GCC_PREFIX_HEADER = "$(SYSTEM_LIBRARY_DIR)/Frameworks/AppKit.framework/Headers/AppKit.h";
				INFOPLIST_FILE = "test-Info.plist";
				INSTALL_PATH = "$(HOME)/Applications";
				OTHER_LDFLAGS = (
					"-framework",
					Foundation,
					"-framework",
					AppKit,
				);
				PREBINDING = NO;
				PRODUCT_NAME = test;
			};
			name = Debug;
		};
		0A22060E15C2A84C004D168E /* Release */ = {
			isa = XCBuildConfiguration;
			buildSettings = {
				ALWAYS_SEARCH_USER_PATHS = NO;
				COPY_PHASE_STRIP = YES;
				DEBUG_INFORMATION_FORMAT = "dwarf-with-dsym";
				GCC_ENABLE_FIX_AND_CONTINUE = NO;
				GCC_MODEL_TUNING = G5;
				GCC_PRECOMPILE_PREFIX_HEADER = YES;
				GCC_PREFIX_HEADER = "$(SYSTEM_LIBRARY_DIR)/Frameworks/AppKit.framework/Headers/AppKit.h";
				INFOPLIST_FILE = "test-Info.plist";
				INSTALL_PATH = "$(HOME)/Applications";
				OTHER_LDFLAGS = (
					"-framework",
					Foundation,
					"-framework",
					AppKit,
				);
				PREBINDING = NO;
				PRODUCT_NAME = test;
				ZERO_LINK = NO;
			};
			name = Release;
		};
		0A35C63E177879EE00E43A07 /* Debug */ = {
			isa = XCBuildConfiguration;
			buildSettings = {
				ALWAYS_SEARCH_USER_PATHS = NO;
				COPY_PHASE_STRIP = NO;
				DYLIB_COMPATIBILITY_VERSION = 1;
				DYLIB_CURRENT_VERSION = 1;
				FRAMEWORK_VERSION = A;
				GCC_DYNAMIC_NO_PIC = NO;
				GCC_ENABLE_FIX_AND_CONTINUE = YES;
				GCC_MODEL_TUNING = G5;
				GCC_OPTIMIZATION_LEVEL = 0;
				GCC_PRECOMPILE_PREFIX_HEADER = YES;
				GCC_PREFIX_HEADER = "$(SYSTEM_LIBRARY_DIR)/Frameworks/AppKit.framework/Headers/AppKit.h";
				INFOPLIST_FILE = "HID-Info.plist";
				INSTALL_PATH = "@loader_path/Frameworks";
				OTHER_LDFLAGS = (
					"-framework",
					Foundation,
					"-framework",
					AppKit,
				);
				PREBINDING = NO;
				PRODUCT_NAME = HID;
			};
			name = Debug;
		};
		0A35C63F177879EE00E43A07 /* Release */ = {
			isa = XCBuildConfiguration;
			buildSettings = {
				ALWAYS_SEARCH_USER_PATHS = NO;
				COPY_PHASE_STRIP = YES;
				DEBUG_INFORMATION_FORMAT = "dwarf-with-dsym";
				DYLIB_COMPATIBILITY_VERSION = 1;
				DYLIB_CURRENT_VERSION = 1;
				FRAMEWORK_VERSION = A;
				GCC_ENABLE_FIX_AND_CONTINUE = NO;
				GCC_MODEL_TUNING = G5;
				GCC_PRECOMPILE_PREFIX_HEADER = YES;
				GCC_PREFIX_HEADER = "$(SYSTEM_LIBRARY_DIR)/Frameworks/AppKit.framework/Headers/AppKit.h";
				INFOPLIST_FILE = "HID-Info.plist";
				INSTALL_PATH = "@loader_path/Frameworks";
				OTHER_LDFLAGS = (
					"-framework",
					Foundation,
					"-framework",
					AppKit,
				);
				PREBINDING = NO;
				PRODUCT_NAME = HID;
				ZERO_LINK = NO;
			};
			name = Release;
		};
		1DEB91AE08733DA50010E9CD /* Debug */ = {
			isa = XCBuildConfiguration;
			buildSettings = {
				ALWAYS_SEARCH_USER_PATHS = NO;
				COPY_PHASE_STRIP = NO;
				DYLIB_COMPATIBILITY_VERSION = 1;
				DYLIB_CURRENT_VERSION = 1;
				FRAMEWORK_VERSION = A;
				GCC_DYNAMIC_NO_PIC = NO;
				GCC_ENABLE_FIX_AND_CONTINUE = YES;
				GCC_MODEL_TUNING = G5;
				GCC_OPTIMIZATION_LEVEL = 0;
				INFOPLIST_FILE = Info.plist;
				INSTALL_PATH = "@executable_path/../Frameworks";
				PRODUCT_NAME = Wiimote;
				WRAPPER_EXTENSION = framework;
			};
			name = Debug;
		};
		1DEB91AF08733DA50010E9CD /* Release */ = {
			isa = XCBuildConfiguration;
			buildSettings = {
				ALWAYS_SEARCH_USER_PATHS = NO;
				DEBUG_INFORMATION_FORMAT = "dwarf-with-dsym";
				DYLIB_COMPATIBILITY_VERSION = 1;
				DYLIB_CURRENT_VERSION = 1;
				FRAMEWORK_VERSION = A;
				GCC_MODEL_TUNING = G5;
				INFOPLIST_FILE = Info.plist;
				INSTALL_PATH = "@executable_path/../Frameworks";
				PRODUCT_NAME = Wiimote;
				WRAPPER_EXTENSION = framework;
			};
			name = Release;
		};
		1DEB91B208733DA50010E9CD /* Debug */ = {
			isa = XCBuildConfiguration;
			buildSettings = {
				ARCHS = "$(ARCHS_STANDARD_32_64_BIT)";
				GCC_C_LANGUAGE_STANDARD = gnu99;
				GCC_OPTIMIZATION_LEVEL = 0;
				ONLY_ACTIVE_ARCH = YES;
				PREBINDING = NO;
				SDKROOT = macosx10.5;
			};
			name = Debug;
		};
		1DEB91B308733DA50010E9CD /* Release */ = {
			isa = XCBuildConfiguration;
			buildSettings = {
				ARCHS = "$(ARCHS_STANDARD_32_64_BIT)";
				GCC_C_LANGUAGE_STANDARD = gnu99;
				PREBINDING = NO;
				SDKROOT = macosx10.5;
			};
			name = Release;
		};
/* End XCBuildConfiguration section */

/* Begin XCConfigurationList section */
		0A22060F15C2A84C004D168E /* Build configuration list for PBXNativeTarget "test" */ = {
			isa = XCConfigurationList;
			buildConfigurations = (
				0A22060D15C2A84C004D168E /* Debug */,
				0A22060E15C2A84C004D168E /* Release */,
			);
			defaultConfigurationIsVisible = 0;
			defaultConfigurationName = Release;
		};
		0A35C640177879EE00E43A07 /* Build configuration list for PBXNativeTarget "HID" */ = {
			isa = XCConfigurationList;
			buildConfigurations = (
				0A35C63E177879EE00E43A07 /* Debug */,
				0A35C63F177879EE00E43A07 /* Release */,
			);
			defaultConfigurationIsVisible = 0;
			defaultConfigurationName = Release;
		};
		1DEB91AD08733DA50010E9CD /* Build configuration list for PBXNativeTarget "Wiimote" */ = {
			isa = XCConfigurationList;
			buildConfigurations = (
				1DEB91AE08733DA50010E9CD /* Debug */,
				1DEB91AF08733DA50010E9CD /* Release */,
			);
			defaultConfigurationIsVisible = 0;
			defaultConfigurationName = Release;
		};
		1DEB91B108733DA50010E9CD /* Build configuration list for PBXProject "Wiimote" */ = {
			isa = XCConfigurationList;
			buildConfigurations = (
				1DEB91B208733DA50010E9CD /* Debug */,
				1DEB91B308733DA50010E9CD /* Release */,
			);
			defaultConfigurationIsVisible = 0;
			defaultConfigurationName = Release;
		};
/* End XCConfigurationList section */
	};
	rootObject = 0867D690FE84028FC02AAC07 /* Project object */;
}
