// !$*UTF8*$!
{
	archiveVersion = 1;
	classes = {
	};
	objectVersion = 45;
	objects = {

/* Begin PBXBuildFile section */
		0A90D52115D539D000250091 /* WiimoteBalanceBoard.m in Sources */ = {isa = PBXBuildFile; fileRef = 0A90D51F15D539D000250091 /* WiimoteBalanceBoard.m */; };
		0A90D52615D539F800250091 /* Foundation.framework in Frameworks */ = {isa = PBXBuildFile; fileRef = 0867D69BFE84028FC02AAC07 /* Foundation.framework */; };
		0A90D54C15D53A6300250091 /* Wiimote.framework in Frameworks */ = {isa = PBXBuildFile; fileRef = 0A90D54715D53A5C00250091 /* Wiimote.framework */; };
		0A90D59B15D5423F00250091 /* WiimoteBalanceBoardDelegate.h in Headers */ = {isa = PBXBuildFile; fileRef = 0A90D59915D5423F00250091 /* WiimoteBalanceBoardDelegate.h */; settings = {ATTRIBUTES = (Public, ); }; };
		0A90D59C15D5423F00250091 /* WiimoteBalanceBoardDelegate.m in Sources */ = {isa = PBXBuildFile; fileRef = 0A90D59A15D5423F00250091 /* WiimoteBalanceBoardDelegate.m */; };
		0A90D5C215D5477100250091 /* WiimoteEventDispatcher+BalanceBoard.m in Sources */ = {isa = PBXBuildFile; fileRef = 0A90D5C015D5477100250091 /* WiimoteEventDispatcher+BalanceBoard.m */; };
/* End PBXBuildFile section */

/* Begin PBXContainerItemProxy section */
		0A90D54615D53A5C00250091 /* PBXContainerItemProxy */ = {
			isa = PBXContainerItemProxy;
			containerPortal = 0A90D53D15D53A5C00250091 /* Wiimote.xcodeproj */;
			proxyType = 2;
			remoteGlobalIDString = 8DC2EF5B0486A6940098B216;
			remoteInfo = Wiimote;
		};
		0A90D54815D53A5C00250091 /* PBXContainerItemProxy */ = {
			isa = PBXContainerItemProxy;
			containerPortal = 0A90D53D15D53A5C00250091 /* Wiimote.xcodeproj */;
			proxyType = 2;
			remoteGlobalIDString = 0A22060A15C2A84C004D168E;
			remoteInfo = test;
		};
		0A90D54D15D53A6F00250091 /* PBXContainerItemProxy */ = {
			isa = PBXContainerItemProxy;
			containerPortal = 0A90D53D15D53A5C00250091 /* Wiimote.xcodeproj */;
			proxyType = 1;
			remoteGlobalIDString = 8DC2EF4F0486A6940098B216;
			remoteInfo = Wiimote;
		};
/* End PBXContainerItemProxy section */

/* Begin PBXFileReference section */
		0867D69BFE84028FC02AAC07 /* Foundation.framework */ = {isa = PBXFileReference; lastKnownFileType = wrapper.framework; name = Foundation.framework; path = /System/Library/Frameworks/Foundation.framework; sourceTree = "<absolute>"; };
		0A90D51E15D539D000250091 /* WiimoteBalanceBoard.h */ = {isa = PBXFileReference; fileEncoding = 4; lastKnownFileType = sourcecode.c.h; path = WiimoteBalanceBoard.h; sourceTree = "<group>"; };
		0A90D51F15D539D000250091 /* WiimoteBalanceBoard.m */ = {isa = PBXFileReference; fileEncoding = 4; lastKnownFileType = sourcecode.c.objc; path = WiimoteBalanceBoard.m; sourceTree = "<group>"; };
		0A90D53D15D53A5C00250091 /* Wiimote.xcodeproj */ = {isa = PBXFileReference; lastKnownFileType = "wrapper.pb-project"; name = Wiimote.xcodeproj; path = ../../Wiimote/Wiimote.xcodeproj; sourceTree = SOURCE_ROOT; };
		0A90D59915D5423F00250091 /* WiimoteBalanceBoardDelegate.h */ = {isa = PBXFileReference; fileEncoding = 4; lastKnownFileType = sourcecode.c.h; path = WiimoteBalanceBoardDelegate.h; sourceTree = "<group>"; };
		0A90D59A15D5423F00250091 /* WiimoteBalanceBoardDelegate.m */ = {isa = PBXFileReference; fileEncoding = 4; lastKnownFileType = sourcecode.c.objc; path = WiimoteBalanceBoardDelegate.m; sourceTree = "<group>"; };
		0A90D5BF15D5477100250091 /* WiimoteEventDispatcher+BalanceBoard.h */ = {isa = PBXFileReference; fileEncoding = 4; lastKnownFileType = sourcecode.c.h; path = "WiimoteEventDispatcher+BalanceBoard.h"; sourceTree = "<group>"; };
		0A90D5C015D5477100250091 /* WiimoteEventDispatcher+BalanceBoard.m */ = {isa = PBXFileReference; fileEncoding = 4; lastKnownFileType = sourcecode.c.objc; path = "WiimoteEventDispatcher+BalanceBoard.m"; sourceTree = "<group>"; };
		8DC2EF5A0486A6940098B216 /* Info.plist */ = {isa = PBXFileReference; fileEncoding = 4; lastKnownFileType = text.plist.xml; path = Info.plist; sourceTree = "<group>"; };
		8DC2EF5B0486A6940098B216 /* WiimoteBalanceBoard.framework */ = {isa = PBXFileReference; explicitFileType = wrapper.framework; includeInIndex = 0; path = WiimoteBalanceBoard.framework; sourceTree = BUILT_PRODUCTS_DIR; };
/* End PBXFileReference section */

/* Begin PBXFrameworksBuildPhase section */
		8DC2EF560486A6940098B216 /* Frameworks */ = {
			isa = PBXFrameworksBuildPhase;
			buildActionMask = 2147483647;
			files = (
				0A90D52615D539F800250091 /* Foundation.framework in Frameworks */,
				0A90D54C15D53A6300250091 /* Wiimote.framework in Frameworks */,
			);
			runOnlyForDeploymentPostprocessing = 0;
		};
/* End PBXFrameworksBuildPhase section */

/* Begin PBXGroup section */
		034768DFFF38A50411DB9C8B /* Products */ = {
			isa = PBXGroup;
			children = (
				8DC2EF5B0486A6940098B216 /* WiimoteBalanceBoard.framework */,
			);
			name = Products;
			sourceTree = "<group>";
		};
		0867D691FE84028FC02AAC07 /* WiimoteBalanceBoard */ = {
			isa = PBXGroup;
			children = (
				0A90D53D15D53A5C00250091 /* Wiimote.xcodeproj */,
				08FB77AEFE84172EC02AAC07 /* Classes */,
				0867D69AFE84028FC02AAC07 /* External Frameworks and Libraries */,
				034768DFFF38A50411DB9C8B /* Products */,
			);
			name = WiimoteBalanceBoard;
			sourceTree = "<group>";
		};
		0867D69AFE84028FC02AAC07 /* External Frameworks and Libraries */ = {
			isa = PBXGroup;
			children = (
				0867D69BFE84028FC02AAC07 /* Foundation.framework */,
			);
			name = "External Frameworks and Libraries";
			sourceTree = "<group>";
		};
		08FB77AEFE84172EC02AAC07 /* Classes */ = {
			isa = PBXGroup;
			children = (
				0A90D51A15D539A600250091 /* framework */,
			);
			name = Classes;
			sourceTree = "<group>";
		};
		0A90D51A15D539A600250091 /* framework */ = {
			isa = PBXGroup;
			children = (
				0A90D59D15D5424600250091 /* resources */,
				0A90D51D15D539BA00250091 /* internal */,
				0A90D59915D5423F00250091 /* WiimoteBalanceBoardDelegate.h */,
				0A90D59A15D5423F00250091 /* WiimoteBalanceBoardDelegate.m */,
			);
			name = framework;
			sourceTree = "<group>";
		};
		0A90D51D15D539BA00250091 /* internal */ = {
			isa = PBXGroup;
			children = (
				0A90D5BF15D5477100250091 /* WiimoteEventDispatcher+BalanceBoard.h */,
				0A90D5C015D5477100250091 /* WiimoteEventDispatcher+BalanceBoard.m */,
				0A90D51E15D539D000250091 /* WiimoteBalanceBoard.h */,
				0A90D51F15D539D000250091 /* WiimoteBalanceBoard.m */,
			);
			name = internal;
			sourceTree = "<group>";
		};
		0A90D53E15D53A5C00250091 /* Products */ = {
			isa = PBXGroup;
			children = (
				0A90D54715D53A5C00250091 /* Wiimote.framework */,
				0A90D54915D53A5C00250091 /* test.app */,
			);
			name = Products;
			sourceTree = "<group>";
		};
		0A90D59D15D5424600250091 /* resources */ = {
			isa = PBXGroup;
			children = (
				8DC2EF5A0486A6940098B216 /* Info.plist */,
			);
			name = resources;
			sourceTree = "<group>";
		};
/* End PBXGroup section */

/* Begin PBXHeadersBuildPhase section */
		8DC2EF500486A6940098B216 /* Headers */ = {
			isa = PBXHeadersBuildPhase;
			buildActionMask = 2147483647;
			files = (
				0A90D59B15D5423F00250091 /* WiimoteBalanceBoardDelegate.h in Headers */,
			);
			runOnlyForDeploymentPostprocessing = 0;
		};
/* End PBXHeadersBuildPhase section */

/* Begin PBXNativeTarget section */
		8DC2EF4F0486A6940098B216 /* WiimoteBalanceBoard */ = {
			isa = PBXNativeTarget;
			buildConfigurationList = 1DEB91AD08733DA50010E9CD /* Build configuration list for PBXNativeTarget "WiimoteBalanceBoard" */;
			buildPhases = (
				8DC2EF500486A6940098B216 /* Headers */,
				8DC2EF520486A6940098B216 /* Resources */,
				8DC2EF540486A6940098B216 /* Sources */,
				8DC2EF560486A6940098B216 /* Frameworks */,
			);
			buildRules = (
			);
			dependencies = (
				0A90D54E15D53A6F00250091 /* PBXTargetDependency */,
			);
			name = WiimoteBalanceBoard;
			productInstallPath = "$(HOME)/Library/Frameworks";
			productName = WiimoteBalanceBoard;
			productReference = 8DC2EF5B0486A6940098B216 /* WiimoteBalanceBoard.framework */;
			productType = "com.apple.product-type.framework";
		};
/* End PBXNativeTarget section */

/* Begin PBXProject section */
		0867D690FE84028FC02AAC07 /* Project object */ = {
			isa = PBXProject;
			buildConfigurationList = 1DEB91B108733DA50010E9CD /* Build configuration list for PBXProject "WiimoteBalanceBoard" */;
			compatibilityVersion = "Xcode 3.1";
			developmentRegion = English;
			hasScannedForEncodings = 1;
			knownRegions = (
				English,
				Japanese,
				French,
				German,
			);
			mainGroup = 0867D691FE84028FC02AAC07 /* WiimoteBalanceBoard */;
			productRefGroup = 034768DFFF38A50411DB9C8B /* Products */;
			projectDirPath = "";
			projectReferences = (
				{
					ProductGroup = 0A90D53E15D53A5C00250091 /* Products */;
					ProjectRef = 0A90D53D15D53A5C00250091 /* Wiimote.xcodeproj */;
				},
			);
			projectRoot = "";
			targets = (
				8DC2EF4F0486A6940098B216 /* WiimoteBalanceBoard */,
			);
		};
/* End PBXProject section */

/* Begin PBXReferenceProxy section */
		0A90D54715D53A5C00250091 /* Wiimote.framework */ = {
			isa = PBXReferenceProxy;
			fileType = wrapper.framework;
			path = Wiimote.framework;
			remoteRef = 0A90D54615D53A5C00250091 /* PBXContainerItemProxy */;
			sourceTree = BUILT_PRODUCTS_DIR;
		};
		0A90D54915D53A5C00250091 /* test.app */ = {
			isa = PBXReferenceProxy;
			fileType = wrapper.application;
			path = test.app;
			remoteRef = 0A90D54815D53A5C00250091 /* PBXContainerItemProxy */;
			sourceTree = BUILT_PRODUCTS_DIR;
		};
/* End PBXReferenceProxy section */

/* Begin PBXResourcesBuildPhase section */
		8DC2EF520486A6940098B216 /* Resources */ = {
			isa = PBXResourcesBuildPhase;
			buildActionMask = 2147483647;
			files = (
			);
			runOnlyForDeploymentPostprocessing = 0;
		};
/* End PBXResourcesBuildPhase section */

/* Begin PBXSourcesBuildPhase section */
		8DC2EF540486A6940098B216 /* Sources */ = {
			isa = PBXSourcesBuildPhase;
			buildActionMask = 2147483647;
			files = (
				0A90D59C15D5423F00250091 /* WiimoteBalanceBoardDelegate.m in Sources */,
				0A90D5C215D5477100250091 /* WiimoteEventDispatcher+BalanceBoard.m in Sources */,
				0A90D52115D539D000250091 /* WiimoteBalanceBoard.m in Sources */,
			);
			runOnlyForDeploymentPostprocessing = 0;
		};
/* End PBXSourcesBuildPhase section */

/* Begin PBXTargetDependency section */
		0A90D54E15D53A6F00250091 /* PBXTargetDependency */ = {
			isa = PBXTargetDependency;
			name = Wiimote;
			targetProxy = 0A90D54D15D53A6F00250091 /* PBXContainerItemProxy */;
		};
/* End PBXTargetDependency section */

/* Begin XCBuildConfiguration section */
		1DEB91AE08733DA50010E9CD /* Debug */ = {
			isa = XCBuildConfiguration;
			buildSettings = {
				ALWAYS_SEARCH_USER_PATHS = NO;
				COPY_PHASE_STRIP = NO;
				DYLIB_COMPATIBILITY_VERSION = 1;
				DYLIB_CURRENT_VERSION = 1;
				FRAMEWORK_VERSION = A;
				GCC_DYNAMIC_NO_PIC = NO;
				GCC_ENABLE_FIX_AND_CONTINUE = YES;
				GCC_MODEL_TUNING = G5;
				GCC_OPTIMIZATION_LEVEL = 0;
				INFOPLIST_FILE = Info.plist;
				INSTALL_PATH = "@executable_path/../Frameworks";
				PRODUCT_NAME = WiimoteBalanceBoard;
				WRAPPER_EXTENSION = framework;
			};
			name = Debug;
		};
		1DEB91AF08733DA50010E9CD /* Release */ = {
			isa = XCBuildConfiguration;
			buildSettings = {
				ALWAYS_SEARCH_USER_PATHS = NO;
				DEBUG_INFORMATION_FORMAT = "dwarf-with-dsym";
				DYLIB_COMPATIBILITY_VERSION = 1;
				DYLIB_CURRENT_VERSION = 1;
				FRAMEWORK_VERSION = A;
				GCC_MODEL_TUNING = G5;
				INFOPLIST_FILE = Info.plist;
				INSTALL_PATH = "@executable_path/../Frameworks";
				PRODUCT_NAME = WiimoteBalanceBoard;
				WRAPPER_EXTENSION = framework;
			};
			name = Release;
		};
		1DEB91B208733DA50010E9CD /* Debug */ = {
			isa = XCBuildConfiguration;
			buildSettings = {
				ARCHS = "$(ARCHS_STANDARD_32_64_BIT)";
				GCC_C_LANGUAGE_STANDARD = gnu99;
				GCC_OPTIMIZATION_LEVEL = 0;
				GCC_WARN_ABOUT_RETURN_TYPE = YES;
				GCC_WARN_UNUSED_VARIABLE = YES;
				HEADER_SEARCH_PATHS = ../../Wiimote;
				ONLY_ACTIVE_ARCH = YES;
				PREBINDING = NO;
				SDKROOT = macosx10.5;
			};
			name = Debug;
		};
		1DEB91B308733DA50010E9CD /* Release */ = {
			isa = XCBuildConfiguration;
			buildSettings = {
				ARCHS = "$(ARCHS_STANDARD_32_64_BIT)";
				GCC_C_LANGUAGE_STANDARD = gnu99;
				GCC_WARN_ABOUT_RETURN_TYPE = YES;
				GCC_WARN_UNUSED_VARIABLE = YES;
				HEADER_SEARCH_PATHS = ../../Wiimote;
				PREBINDING = NO;
				SDKROOT = macosx10.5;
			};
			name = Release;
		};
/* End XCBuildConfiguration section */

/* Begin XCConfigurationList section */
		1DEB91AD08733DA50010E9CD /* Build configuration list for PBXNativeTarget "WiimoteBalanceBoard" */ = {
			isa = XCConfigurationList;
			buildConfigurations = (
				1DEB91AE08733DA50010E9CD /* Debug */,
				1DEB91AF08733DA50010E9CD /* Release */,
			);
			defaultConfigurationIsVisible = 0;
			defaultConfigurationName = Release;
		};
		1DEB91B108733DA50010E9CD /* Build configuration list for PBXProject "WiimoteBalanceBoard" */ = {
			isa = XCConfigurationList;
			buildConfigurations = (
				1DEB91B208733DA50010E9CD /* Debug */,
				1DEB91B308733DA50010E9CD /* Release */,
			);
			defaultConfigurationIsVisible = 0;
			defaultConfigurationName = Release;
		};
/* End XCConfigurationList section */
	};
	rootObject = 0867D690FE84028FC02AAC07 /* Project object */;
}
